// !$*UTF8*$!
{
	archiveVersion = 1;
	classes = {
	};
	objectVersion = 50;
	objects = {

/* Begin PBXBuildFile section */
		01151ACF28EAC8C50086B706 /* BugsnagNetworkRequestPlugin.h in CopyFiles */ = {isa = PBXBuildFile; fileRef = CB487C2F26DE3EFB004F6B87 /* BugsnagNetworkRequestPlugin.h */; };
		016113862716EFBE002A50D4 /* BSGURLSessionTracingProxyTests.m in Sources */ = {isa = PBXBuildFile; fileRef = 016113852716EFBE002A50D4 /* BSGURLSessionTracingProxyTests.m */; };
		016113872716EFBE002A50D4 /* BSGURLSessionTracingProxyTests.m in Sources */ = {isa = PBXBuildFile; fileRef = 016113852716EFBE002A50D4 /* BSGURLSessionTracingProxyTests.m */; };
		016113882716EFBE002A50D4 /* BSGURLSessionTracingProxyTests.m in Sources */ = {isa = PBXBuildFile; fileRef = 016113852716EFBE002A50D4 /* BSGURLSessionTracingProxyTests.m */; };
		01DC33A52733FC9A005B2BDD /* AppDelegate.m in Sources */ = {isa = PBXBuildFile; fileRef = 01DC33A42733FC9A005B2BDD /* AppDelegate.m */; };
		01DC33AE2733FC9A005B2BDD /* Main.storyboard in Resources */ = {isa = PBXBuildFile; fileRef = 01DC33AC2733FC9A005B2BDD /* Main.storyboard */; };
		01DC33B02733FC9B005B2BDD /* Assets.xcassets in Resources */ = {isa = PBXBuildFile; fileRef = 01DC33AF2733FC9B005B2BDD /* Assets.xcassets */; };
		01DC33B32733FC9B005B2BDD /* LaunchScreen.storyboard in Resources */ = {isa = PBXBuildFile; fileRef = 01DC33B12733FC9B005B2BDD /* LaunchScreen.storyboard */; };
		01DC33B62733FC9B005B2BDD /* main.m in Sources */ = {isa = PBXBuildFile; fileRef = 01DC33B52733FC9B005B2BDD /* main.m */; };
		01DC33BC2733FDF0005B2BDD /* BugsnagNetworkRequestPlugin.framework in Frameworks */ = {isa = PBXBuildFile; fileRef = CB487A5926D7B109004F6B87 /* BugsnagNetworkRequestPlugin.framework */; };
		01DC33BD2733FDF0005B2BDD /* BugsnagNetworkRequestPlugin.framework in Embed Frameworks */ = {isa = PBXBuildFile; fileRef = CB487A5926D7B109004F6B87 /* BugsnagNetworkRequestPlugin.framework */; settings = {ATTRIBUTES = (CodeSignOnCopy, RemoveHeadersOnCopy, ); }; };
		01DC33C02733FDF0005B2BDD /* Bugsnag.framework in Frameworks */ = {isa = PBXBuildFile; fileRef = CB487A7426D7B12F004F6B87 /* Bugsnag.framework */; };
		01DC33C12733FDF0005B2BDD /* Bugsnag.framework in Embed Frameworks */ = {isa = PBXBuildFile; fileRef = CB487A7426D7B12F004F6B87 /* Bugsnag.framework */; settings = {ATTRIBUTES = (CodeSignOnCopy, RemoveHeadersOnCopy, ); }; };
		CB2430E026F1DABE00CB5EC4 /* BSGURLSessionTracingDelegate.m in Sources */ = {isa = PBXBuildFile; fileRef = CB487F0226E8D0B0004F6B87 /* BSGURLSessionTracingDelegate.m */; };
		CB2430E126F1DABE00CB5EC4 /* BSGURLSessionTracingProxy.m in Sources */ = {isa = PBXBuildFile; fileRef = CB487F0026E8D0B0004F6B87 /* BSGURLSessionTracingProxy.m */; };
		CB2430E226F1DABE00CB5EC4 /* NSURLSession+Tracing.m in Sources */ = {isa = PBXBuildFile; fileRef = CB487F0526E8D0B1004F6B87 /* NSURLSession+Tracing.m */; };
		CB2430E326F1DAC500CB5EC4 /* BugsnagNetworkRequestPlugin.m in Sources */ = {isa = PBXBuildFile; fileRef = CB487ABE26D7B295004F6B87 /* BugsnagNetworkRequestPlugin.m */; };
		CB26E9C628351469005A1865 /* Bugsnag.framework in Frameworks */ = {isa = PBXBuildFile; fileRef = CB26E9C528351469005A1865 /* Bugsnag.framework */; };
		CB3B7F942832709000CAD67A /* BugsnagNetworkRequestPlugin.framework in Frameworks */ = {isa = PBXBuildFile; fileRef = CB3B7F8C2832709000CAD67A /* BugsnagNetworkRequestPlugin.framework */; };
		CB3B7FA1283270E500CAD67A /* BugsnagNetworkRequestPlugin.m in Sources */ = {isa = PBXBuildFile; fileRef = CB487ABE26D7B295004F6B87 /* BugsnagNetworkRequestPlugin.m */; };
		CB3B7FA2283270E900CAD67A /* BSGURLSessionTracingDelegate.m in Sources */ = {isa = PBXBuildFile; fileRef = CB487F0226E8D0B0004F6B87 /* BSGURLSessionTracingDelegate.m */; };
		CB3B7FA3283270EC00CAD67A /* BSGURLSessionTracingProxy.m in Sources */ = {isa = PBXBuildFile; fileRef = CB487F0026E8D0B0004F6B87 /* BSGURLSessionTracingProxy.m */; };
		CB3B7FA4283270EF00CAD67A /* NSURLSession+Tracing.m in Sources */ = {isa = PBXBuildFile; fileRef = CB487F0526E8D0B1004F6B87 /* NSURLSession+Tracing.m */; };
		CB3B7FA62832710000CAD67A /* BSGURLSessionTracingProxyTests.m in Sources */ = {isa = PBXBuildFile; fileRef = 016113852716EFBE002A50D4 /* BSGURLSessionTracingProxyTests.m */; };
		CB3B7FA72832710300CAD67A /* BugsnagNetworkRequestPluginTests.m in Sources */ = {isa = PBXBuildFile; fileRef = CB487A6726D7B109004F6B87 /* BugsnagNetworkRequestPluginTests.m */; };
		CB3B7FA82832746000CAD67A /* BugsnagNetworkRequestPlugin.h in Headers */ = {isa = PBXBuildFile; fileRef = CB487C2F26DE3EFB004F6B87 /* BugsnagNetworkRequestPlugin.h */; settings = {ATTRIBUTES = (Public, ); }; };
		CB487A6326D7B109004F6B87 /* BugsnagNetworkRequestPlugin.framework in Frameworks */ = {isa = PBXBuildFile; fileRef = CB487A5926D7B109004F6B87 /* BugsnagNetworkRequestPlugin.framework */; };
		CB487A7526D7B12F004F6B87 /* Bugsnag.framework in Frameworks */ = {isa = PBXBuildFile; fileRef = CB487A7426D7B12F004F6B87 /* Bugsnag.framework */; };
		CB487A8626D7B144004F6B87 /* BugsnagNetworkRequestPlugin.framework in Frameworks */ = {isa = PBXBuildFile; fileRef = CB487A7D26D7B144004F6B87 /* BugsnagNetworkRequestPlugin.framework */; };
		CB487A9526D7B166004F6B87 /* Bugsnag.framework in Frameworks */ = {isa = PBXBuildFile; fileRef = CB487A9426D7B166004F6B87 /* Bugsnag.framework */; };
		CB487AA626D7B172004F6B87 /* BugsnagNetworkRequestPlugin.framework in Frameworks */ = {isa = PBXBuildFile; fileRef = CB487A9D26D7B172004F6B87 /* BugsnagNetworkRequestPlugin.framework */; };
		CB487AB526D7B191004F6B87 /* Bugsnag.framework in Frameworks */ = {isa = PBXBuildFile; fileRef = CB487AB426D7B191004F6B87 /* Bugsnag.framework */; };
		CB487ABF26D7B295004F6B87 /* BugsnagNetworkRequestPlugin.m in Sources */ = {isa = PBXBuildFile; fileRef = CB487ABE26D7B295004F6B87 /* BugsnagNetworkRequestPlugin.m */; };
		CB487AC026D7B295004F6B87 /* BugsnagNetworkRequestPlugin.m in Sources */ = {isa = PBXBuildFile; fileRef = CB487ABE26D7B295004F6B87 /* BugsnagNetworkRequestPlugin.m */; };
		CB487AC126D7B295004F6B87 /* BugsnagNetworkRequestPlugin.m in Sources */ = {isa = PBXBuildFile; fileRef = CB487ABE26D7B295004F6B87 /* BugsnagNetworkRequestPlugin.m */; };
		CB487AC226D7B9DB004F6B87 /* BugsnagNetworkRequestPluginTests.m in Sources */ = {isa = PBXBuildFile; fileRef = CB487A6726D7B109004F6B87 /* BugsnagNetworkRequestPluginTests.m */; };
		CB487AC326D7B9DC004F6B87 /* BugsnagNetworkRequestPluginTests.m in Sources */ = {isa = PBXBuildFile; fileRef = CB487A6726D7B109004F6B87 /* BugsnagNetworkRequestPluginTests.m */; };
		CB487AC426D7B9DD004F6B87 /* BugsnagNetworkRequestPluginTests.m in Sources */ = {isa = PBXBuildFile; fileRef = CB487A6726D7B109004F6B87 /* BugsnagNetworkRequestPluginTests.m */; };
		CB487C3026DE3EFB004F6B87 /* BugsnagNetworkRequestPlugin.h in Headers */ = {isa = PBXBuildFile; fileRef = CB487C2F26DE3EFB004F6B87 /* BugsnagNetworkRequestPlugin.h */; settings = {ATTRIBUTES = (Public, ); }; };
		CB487C3126DE3EFB004F6B87 /* BugsnagNetworkRequestPlugin.h in Headers */ = {isa = PBXBuildFile; fileRef = CB487C2F26DE3EFB004F6B87 /* BugsnagNetworkRequestPlugin.h */; settings = {ATTRIBUTES = (Public, ); }; };
		CB487C3226DE3EFB004F6B87 /* BugsnagNetworkRequestPlugin.h in Headers */ = {isa = PBXBuildFile; fileRef = CB487C2F26DE3EFB004F6B87 /* BugsnagNetworkRequestPlugin.h */; settings = {ATTRIBUTES = (Public, ); }; };
		CB487F0626E8D0B1004F6B87 /* BSGURLSessionTracingProxy.m in Sources */ = {isa = PBXBuildFile; fileRef = CB487F0026E8D0B0004F6B87 /* BSGURLSessionTracingProxy.m */; };
		CB487F0726E8D0B1004F6B87 /* BSGURLSessionTracingProxy.m in Sources */ = {isa = PBXBuildFile; fileRef = CB487F0026E8D0B0004F6B87 /* BSGURLSessionTracingProxy.m */; };
		CB487F0826E8D0B1004F6B87 /* BSGURLSessionTracingProxy.m in Sources */ = {isa = PBXBuildFile; fileRef = CB487F0026E8D0B0004F6B87 /* BSGURLSessionTracingProxy.m */; };
		CB487F0926E8D0B1004F6B87 /* NSURLSession+Tracing.h in Headers */ = {isa = PBXBuildFile; fileRef = CB487F0126E8D0B0004F6B87 /* NSURLSession+Tracing.h */; };
		CB487F0A26E8D0B1004F6B87 /* NSURLSession+Tracing.h in Headers */ = {isa = PBXBuildFile; fileRef = CB487F0126E8D0B0004F6B87 /* NSURLSession+Tracing.h */; };
		CB487F0B26E8D0B1004F6B87 /* NSURLSession+Tracing.h in Headers */ = {isa = PBXBuildFile; fileRef = CB487F0126E8D0B0004F6B87 /* NSURLSession+Tracing.h */; };
		CB487F0C26E8D0B1004F6B87 /* BSGURLSessionTracingDelegate.m in Sources */ = {isa = PBXBuildFile; fileRef = CB487F0226E8D0B0004F6B87 /* BSGURLSessionTracingDelegate.m */; };
		CB487F0D26E8D0B1004F6B87 /* BSGURLSessionTracingDelegate.m in Sources */ = {isa = PBXBuildFile; fileRef = CB487F0226E8D0B0004F6B87 /* BSGURLSessionTracingDelegate.m */; };
		CB487F0E26E8D0B1004F6B87 /* BSGURLSessionTracingDelegate.m in Sources */ = {isa = PBXBuildFile; fileRef = CB487F0226E8D0B0004F6B87 /* BSGURLSessionTracingDelegate.m */; };
		CB487F0F26E8D0B1004F6B87 /* BSGURLSessionTracingDelegate.h in Headers */ = {isa = PBXBuildFile; fileRef = CB487F0326E8D0B0004F6B87 /* BSGURLSessionTracingDelegate.h */; };
		CB487F1026E8D0B1004F6B87 /* BSGURLSessionTracingDelegate.h in Headers */ = {isa = PBXBuildFile; fileRef = CB487F0326E8D0B0004F6B87 /* BSGURLSessionTracingDelegate.h */; };
		CB487F1126E8D0B1004F6B87 /* BSGURLSessionTracingDelegate.h in Headers */ = {isa = PBXBuildFile; fileRef = CB487F0326E8D0B0004F6B87 /* BSGURLSessionTracingDelegate.h */; };
		CB487F1226E8D0B1004F6B87 /* BSGURLSessionTracingProxy.h in Headers */ = {isa = PBXBuildFile; fileRef = CB487F0426E8D0B0004F6B87 /* BSGURLSessionTracingProxy.h */; };
		CB487F1326E8D0B1004F6B87 /* BSGURLSessionTracingProxy.h in Headers */ = {isa = PBXBuildFile; fileRef = CB487F0426E8D0B0004F6B87 /* BSGURLSessionTracingProxy.h */; };
		CB487F1426E8D0B1004F6B87 /* BSGURLSessionTracingProxy.h in Headers */ = {isa = PBXBuildFile; fileRef = CB487F0426E8D0B0004F6B87 /* BSGURLSessionTracingProxy.h */; };
		CB487F1526E8D0B1004F6B87 /* NSURLSession+Tracing.m in Sources */ = {isa = PBXBuildFile; fileRef = CB487F0526E8D0B1004F6B87 /* NSURLSession+Tracing.m */; };
		CB487F1626E8D0B1004F6B87 /* NSURLSession+Tracing.m in Sources */ = {isa = PBXBuildFile; fileRef = CB487F0526E8D0B1004F6B87 /* NSURLSession+Tracing.m */; };
		CB487F1726E8D0B1004F6B87 /* NSURLSession+Tracing.m in Sources */ = {isa = PBXBuildFile; fileRef = CB487F0526E8D0B1004F6B87 /* NSURLSession+Tracing.m */; };
/* End PBXBuildFile section */

/* Begin PBXContainerItemProxy section */
		01DC33BA2733FD0D005B2BDD /* PBXContainerItemProxy */ = {
			isa = PBXContainerItemProxy;
			containerPortal = CB487A5026D7B109004F6B87 /* Project object */;
			proxyType = 1;
			remoteGlobalIDString = 01DC33A02733FC9A005B2BDD;
			remoteInfo = "TestHost-iOS";
		};
		01DC33BE2733FDF0005B2BDD /* PBXContainerItemProxy */ = {
			isa = PBXContainerItemProxy;
			containerPortal = CB487A5026D7B109004F6B87 /* Project object */;
			proxyType = 1;
			remoteGlobalIDString = CB487A5826D7B109004F6B87;
			remoteInfo = "BugsnagNetworkRequestPlugin-iOS";
		};
		CB3B7F952832709000CAD67A /* PBXContainerItemProxy */ = {
			isa = PBXContainerItemProxy;
			containerPortal = CB487A5026D7B109004F6B87 /* Project object */;
			proxyType = 1;
			remoteGlobalIDString = CB3B7F8B2832709000CAD67A;
			remoteInfo = "BugsnagNetworkRequestPlugin-watchOS";
		};
		CB487A6426D7B109004F6B87 /* PBXContainerItemProxy */ = {
			isa = PBXContainerItemProxy;
			containerPortal = CB487A5026D7B109004F6B87 /* Project object */;
			proxyType = 1;
			remoteGlobalIDString = CB487A5826D7B109004F6B87;
			remoteInfo = BugsnagNetworkRequestPlugin;
		};
		CB487A8726D7B144004F6B87 /* PBXContainerItemProxy */ = {
			isa = PBXContainerItemProxy;
			containerPortal = CB487A5026D7B109004F6B87 /* Project object */;
			proxyType = 1;
			remoteGlobalIDString = CB487A7C26D7B144004F6B87;
			remoteInfo = BugsnagNetworkRequestPlugin;
		};
		CB487AA726D7B172004F6B87 /* PBXContainerItemProxy */ = {
			isa = PBXContainerItemProxy;
			containerPortal = CB487A5026D7B109004F6B87 /* Project object */;
			proxyType = 1;
			remoteGlobalIDString = CB487A9C26D7B172004F6B87;
			remoteInfo = BugsnagNetworkRequestPlugin;
		};
/* End PBXContainerItemProxy section */

/* Begin PBXCopyFilesBuildPhase section */
		01DC33C22733FDF0005B2BDD /* Embed Frameworks */ = {
			isa = PBXCopyFilesBuildPhase;
			buildActionMask = 2147483647;
			dstPath = "";
			dstSubfolderSpec = 10;
			files = (
				01DC33C12733FDF0005B2BDD /* Bugsnag.framework in Embed Frameworks */,
				01DC33BD2733FDF0005B2BDD /* BugsnagNetworkRequestPlugin.framework in Embed Frameworks */,
			);
			name = "Embed Frameworks";
			runOnlyForDeploymentPostprocessing = 0;
		};
		CB2430D526F1DA8A00CB5EC4 /* CopyFiles */ = {
			isa = PBXCopyFilesBuildPhase;
			buildActionMask = 2147483647;
			dstPath = include/BugsnagNetworkRequestPlugin;
			dstSubfolderSpec = 16;
			files = (
				01151ACF28EAC8C50086B706 /* BugsnagNetworkRequestPlugin.h in CopyFiles */,
			);
			runOnlyForDeploymentPostprocessing = 0;
		};
/* End PBXCopyFilesBuildPhase section */

/* Begin PBXFileReference section */
		016113852716EFBE002A50D4 /* BSGURLSessionTracingProxyTests.m */ = {isa = PBXFileReference; lastKnownFileType = sourcecode.c.objc; path = BSGURLSessionTracingProxyTests.m; sourceTree = "<group>"; };
		01DC33A12733FC9A005B2BDD /* BugsnagNetworkRequestPluginTestHost-iOS.app */ = {isa = PBXFileReference; explicitFileType = wrapper.application; includeInIndex = 0; path = "BugsnagNetworkRequestPluginTestHost-iOS.app"; sourceTree = BUILT_PRODUCTS_DIR; };
		01DC33A32733FC9A005B2BDD /* AppDelegate.h */ = {isa = PBXFileReference; lastKnownFileType = sourcecode.c.h; path = AppDelegate.h; sourceTree = "<group>"; };
		01DC33A42733FC9A005B2BDD /* AppDelegate.m */ = {isa = PBXFileReference; lastKnownFileType = sourcecode.c.objc; path = AppDelegate.m; sourceTree = "<group>"; };
		01DC33AD2733FC9A005B2BDD /* Base */ = {isa = PBXFileReference; lastKnownFileType = file.storyboard; name = Base; path = Base.lproj/Main.storyboard; sourceTree = "<group>"; };
		01DC33AF2733FC9B005B2BDD /* Assets.xcassets */ = {isa = PBXFileReference; lastKnownFileType = folder.assetcatalog; path = Assets.xcassets; sourceTree = "<group>"; };
		01DC33B22733FC9B005B2BDD /* Base */ = {isa = PBXFileReference; lastKnownFileType = file.storyboard; name = Base; path = Base.lproj/LaunchScreen.storyboard; sourceTree = "<group>"; };
		01DC33B42733FC9B005B2BDD /* Info.plist */ = {isa = PBXFileReference; lastKnownFileType = text.plist.xml; path = Info.plist; sourceTree = "<group>"; };
		01DC33B52733FC9B005B2BDD /* main.m */ = {isa = PBXFileReference; lastKnownFileType = sourcecode.c.objc; path = main.m; sourceTree = "<group>"; };
		CB2430D726F1DA8A00CB5EC4 /* libBugsnagNetworkRequestPluginStatic.a */ = {isa = PBXFileReference; explicitFileType = archive.ar; includeInIndex = 0; path = libBugsnagNetworkRequestPluginStatic.a; sourceTree = BUILT_PRODUCTS_DIR; };
		CB26E9BD283510D8005A1865 /* Bugsnag.framework */ = {isa = PBXFileReference; explicitFileType = wrapper.framework; path = Bugsnag.framework; sourceTree = BUILT_PRODUCTS_DIR; };
		CB26E9C128351217005A1865 /* Bugsnag.framework */ = {isa = PBXFileReference; explicitFileType = wrapper.framework; path = Bugsnag.framework; sourceTree = BUILT_PRODUCTS_DIR; };
		CB26E9C528351469005A1865 /* Bugsnag.framework */ = {isa = PBXFileReference; explicitFileType = wrapper.framework; path = Bugsnag.framework; sourceTree = BUILT_PRODUCTS_DIR; };
		CB3B7F8C2832709000CAD67A /* BugsnagNetworkRequestPlugin.framework */ = {isa = PBXFileReference; explicitFileType = wrapper.framework; includeInIndex = 0; path = BugsnagNetworkRequestPlugin.framework; sourceTree = BUILT_PRODUCTS_DIR; };
		CB3B7F932832709000CAD67A /* BugsnagNetworkRequestPlugin-watchOSTests.xctest */ = {isa = PBXFileReference; explicitFileType = wrapper.cfbundle; includeInIndex = 0; path = "BugsnagNetworkRequestPlugin-watchOSTests.xctest"; sourceTree = BUILT_PRODUCTS_DIR; };
		CB3B7FA92832752600CAD67A /* Bugsnag.framework */ = {isa = PBXFileReference; explicitFileType = wrapper.framework; path = Bugsnag.framework; sourceTree = BUILT_PRODUCTS_DIR; };
		CB487A5926D7B109004F6B87 /* BugsnagNetworkRequestPlugin.framework */ = {isa = PBXFileReference; explicitFileType = wrapper.framework; includeInIndex = 0; path = BugsnagNetworkRequestPlugin.framework; sourceTree = BUILT_PRODUCTS_DIR; };
		CB487A5D26D7B109004F6B87 /* Info.plist */ = {isa = PBXFileReference; lastKnownFileType = text.plist.xml; path = Info.plist; sourceTree = "<group>"; };
		CB487A6226D7B109004F6B87 /* BugsnagNetworkRequestPlugin-iOSTests.xctest */ = {isa = PBXFileReference; explicitFileType = wrapper.cfbundle; includeInIndex = 0; path = "BugsnagNetworkRequestPlugin-iOSTests.xctest"; sourceTree = BUILT_PRODUCTS_DIR; };
		CB487A6726D7B109004F6B87 /* BugsnagNetworkRequestPluginTests.m */ = {isa = PBXFileReference; lastKnownFileType = sourcecode.c.objc; path = BugsnagNetworkRequestPluginTests.m; sourceTree = "<group>"; };
		CB487A6926D7B109004F6B87 /* Info.plist */ = {isa = PBXFileReference; lastKnownFileType = text.plist.xml; path = Info.plist; sourceTree = "<group>"; };
		CB487A7426D7B12F004F6B87 /* Bugsnag.framework */ = {isa = PBXFileReference; explicitFileType = wrapper.framework; path = Bugsnag.framework; sourceTree = BUILT_PRODUCTS_DIR; };
		CB487A7D26D7B144004F6B87 /* BugsnagNetworkRequestPlugin.framework */ = {isa = PBXFileReference; explicitFileType = wrapper.framework; includeInIndex = 0; path = BugsnagNetworkRequestPlugin.framework; sourceTree = BUILT_PRODUCTS_DIR; };
		CB487A8526D7B144004F6B87 /* BugsnagNetworkRequestPlugin-macOSTests.xctest */ = {isa = PBXFileReference; explicitFileType = wrapper.cfbundle; includeInIndex = 0; path = "BugsnagNetworkRequestPlugin-macOSTests.xctest"; sourceTree = BUILT_PRODUCTS_DIR; };
		CB487A9426D7B166004F6B87 /* Bugsnag.framework */ = {isa = PBXFileReference; explicitFileType = wrapper.framework; path = Bugsnag.framework; sourceTree = BUILT_PRODUCTS_DIR; };
		CB487A9D26D7B172004F6B87 /* BugsnagNetworkRequestPlugin.framework */ = {isa = PBXFileReference; explicitFileType = wrapper.framework; includeInIndex = 0; path = BugsnagNetworkRequestPlugin.framework; sourceTree = BUILT_PRODUCTS_DIR; };
		CB487AA526D7B172004F6B87 /* BugsnagNetworkRequestPlugin-tvOSTests.xctest */ = {isa = PBXFileReference; explicitFileType = wrapper.cfbundle; includeInIndex = 0; path = "BugsnagNetworkRequestPlugin-tvOSTests.xctest"; sourceTree = BUILT_PRODUCTS_DIR; };
		CB487AB426D7B191004F6B87 /* Bugsnag.framework */ = {isa = PBXFileReference; explicitFileType = wrapper.framework; path = Bugsnag.framework; sourceTree = BUILT_PRODUCTS_DIR; };
		CB487ABE26D7B295004F6B87 /* BugsnagNetworkRequestPlugin.m */ = {isa = PBXFileReference; lastKnownFileType = sourcecode.c.objc; path = BugsnagNetworkRequestPlugin.m; sourceTree = "<group>"; };
		CB487C2F26DE3EFB004F6B87 /* BugsnagNetworkRequestPlugin.h */ = {isa = PBXFileReference; fileEncoding = 4; lastKnownFileType = sourcecode.c.h; path = BugsnagNetworkRequestPlugin.h; sourceTree = "<group>"; };
		CB487F0026E8D0B0004F6B87 /* BSGURLSessionTracingProxy.m */ = {isa = PBXFileReference; fileEncoding = 4; lastKnownFileType = sourcecode.c.objc; path = BSGURLSessionTracingProxy.m; sourceTree = "<group>"; };
		CB487F0126E8D0B0004F6B87 /* NSURLSession+Tracing.h */ = {isa = PBXFileReference; fileEncoding = 4; lastKnownFileType = sourcecode.c.h; path = "NSURLSession+Tracing.h"; sourceTree = "<group>"; };
		CB487F0226E8D0B0004F6B87 /* BSGURLSessionTracingDelegate.m */ = {isa = PBXFileReference; fileEncoding = 4; lastKnownFileType = sourcecode.c.objc; path = BSGURLSessionTracingDelegate.m; sourceTree = "<group>"; };
		CB487F0326E8D0B0004F6B87 /* BSGURLSessionTracingDelegate.h */ = {isa = PBXFileReference; fileEncoding = 4; lastKnownFileType = sourcecode.c.h; path = BSGURLSessionTracingDelegate.h; sourceTree = "<group>"; };
		CB487F0426E8D0B0004F6B87 /* BSGURLSessionTracingProxy.h */ = {isa = PBXFileReference; fileEncoding = 4; lastKnownFileType = sourcecode.c.h; path = BSGURLSessionTracingProxy.h; sourceTree = "<group>"; };
		CB487F0526E8D0B1004F6B87 /* NSURLSession+Tracing.m */ = {isa = PBXFileReference; fileEncoding = 4; lastKnownFileType = sourcecode.c.objc; path = "NSURLSession+Tracing.m"; sourceTree = "<group>"; };
/* End PBXFileReference section */

/* Begin PBXFrameworksBuildPhase section */
		01DC339E2733FC9A005B2BDD /* Frameworks */ = {
			isa = PBXFrameworksBuildPhase;
			buildActionMask = 2147483647;
			files = (
				01DC33C02733FDF0005B2BDD /* Bugsnag.framework in Frameworks */,
				01DC33BC2733FDF0005B2BDD /* BugsnagNetworkRequestPlugin.framework in Frameworks */,
			);
			runOnlyForDeploymentPostprocessing = 0;
		};
		CB2430D426F1DA8A00CB5EC4 /* Frameworks */ = {
			isa = PBXFrameworksBuildPhase;
			buildActionMask = 2147483647;
			files = (
			);
			runOnlyForDeploymentPostprocessing = 0;
		};
		CB3B7F892832709000CAD67A /* Frameworks */ = {
			isa = PBXFrameworksBuildPhase;
			buildActionMask = 2147483647;
			files = (
				CB26E9C628351469005A1865 /* Bugsnag.framework in Frameworks */,
			);
			runOnlyForDeploymentPostprocessing = 0;
		};
		CB3B7F902832709000CAD67A /* Frameworks */ = {
			isa = PBXFrameworksBuildPhase;
			buildActionMask = 2147483647;
			files = (
				CB3B7F942832709000CAD67A /* BugsnagNetworkRequestPlugin.framework in Frameworks */,
			);
			runOnlyForDeploymentPostprocessing = 0;
		};
		CB487A5626D7B109004F6B87 /* Frameworks */ = {
			isa = PBXFrameworksBuildPhase;
			buildActionMask = 2147483647;
			files = (
				CB487A7526D7B12F004F6B87 /* Bugsnag.framework in Frameworks */,
			);
			runOnlyForDeploymentPostprocessing = 0;
		};
		CB487A5F26D7B109004F6B87 /* Frameworks */ = {
			isa = PBXFrameworksBuildPhase;
			buildActionMask = 2147483647;
			files = (
				CB487A6326D7B109004F6B87 /* BugsnagNetworkRequestPlugin.framework in Frameworks */,
			);
			runOnlyForDeploymentPostprocessing = 0;
		};
		CB487A7A26D7B144004F6B87 /* Frameworks */ = {
			isa = PBXFrameworksBuildPhase;
			buildActionMask = 2147483647;
			files = (
				CB487A9526D7B166004F6B87 /* Bugsnag.framework in Frameworks */,
			);
			runOnlyForDeploymentPostprocessing = 0;
		};
		CB487A8226D7B144004F6B87 /* Frameworks */ = {
			isa = PBXFrameworksBuildPhase;
			buildActionMask = 2147483647;
			files = (
				CB487A8626D7B144004F6B87 /* BugsnagNetworkRequestPlugin.framework in Frameworks */,
			);
			runOnlyForDeploymentPostprocessing = 0;
		};
		CB487A9A26D7B172004F6B87 /* Frameworks */ = {
			isa = PBXFrameworksBuildPhase;
			buildActionMask = 2147483647;
			files = (
				CB487AB526D7B191004F6B87 /* Bugsnag.framework in Frameworks */,
			);
			runOnlyForDeploymentPostprocessing = 0;
		};
		CB487AA226D7B172004F6B87 /* Frameworks */ = {
			isa = PBXFrameworksBuildPhase;
			buildActionMask = 2147483647;
			files = (
				CB487AA626D7B172004F6B87 /* BugsnagNetworkRequestPlugin.framework in Frameworks */,
			);
			runOnlyForDeploymentPostprocessing = 0;
		};
/* End PBXFrameworksBuildPhase section */

/* Begin PBXGroup section */
		01DC33A22733FC9A005B2BDD /* TestHost-iOS */ = {
			isa = PBXGroup;
			children = (
				01DC33A32733FC9A005B2BDD /* AppDelegate.h */,
				01DC33A42733FC9A005B2BDD /* AppDelegate.m */,
				01DC33AC2733FC9A005B2BDD /* Main.storyboard */,
				01DC33AF2733FC9B005B2BDD /* Assets.xcassets */,
				01DC33B12733FC9B005B2BDD /* LaunchScreen.storyboard */,
				01DC33B42733FC9B005B2BDD /* Info.plist */,
				01DC33B52733FC9B005B2BDD /* main.m */,
			);
			name = "TestHost-iOS";
			path = "../Tests/TestHost-iOS";
			sourceTree = "<group>";
		};
		CB487A4F26D7B109004F6B87 = {
			isa = PBXGroup;
			children = (
				CB487A5B26D7B109004F6B87 /* BugsnagNetworkRequestPlugin */,
				CB487A6626D7B109004F6B87 /* BugsnagNetworkRequestPluginTests */,
				01DC33A22733FC9A005B2BDD /* TestHost-iOS */,
				CB487A5A26D7B109004F6B87 /* Products */,
				CB487A7326D7B12F004F6B87 /* Frameworks */,
			);
			sourceTree = "<group>";
		};
		CB487A5A26D7B109004F6B87 /* Products */ = {
			isa = PBXGroup;
			children = (
				CB2430D726F1DA8A00CB5EC4 /* libBugsnagNetworkRequestPluginStatic.a */,
				CB487A5926D7B109004F6B87 /* BugsnagNetworkRequestPlugin.framework */,
				CB487A6226D7B109004F6B87 /* BugsnagNetworkRequestPlugin-iOSTests.xctest */,
				CB487A7D26D7B144004F6B87 /* BugsnagNetworkRequestPlugin.framework */,
				CB487A8526D7B144004F6B87 /* BugsnagNetworkRequestPlugin-macOSTests.xctest */,
				CB487A9D26D7B172004F6B87 /* BugsnagNetworkRequestPlugin.framework */,
				CB487AA526D7B172004F6B87 /* BugsnagNetworkRequestPlugin-tvOSTests.xctest */,
				01DC33A12733FC9A005B2BDD /* BugsnagNetworkRequestPluginTestHost-iOS.app */,
				CB3B7F8C2832709000CAD67A /* BugsnagNetworkRequestPlugin.framework */,
				CB3B7F932832709000CAD67A /* BugsnagNetworkRequestPlugin-watchOSTests.xctest */,
			);
			name = Products;
			sourceTree = "<group>";
		};
		CB487A5B26D7B109004F6B87 /* BugsnagNetworkRequestPlugin */ = {
			isa = PBXGroup;
			children = (
				CB487A5D26D7B109004F6B87 /* Info.plist */,
				CB487C2D26DE3EFB004F6B87 /* include */,
				CB487ABE26D7B295004F6B87 /* BugsnagNetworkRequestPlugin.m */,
				CB487F0326E8D0B0004F6B87 /* BSGURLSessionTracingDelegate.h */,
				CB487F0226E8D0B0004F6B87 /* BSGURLSessionTracingDelegate.m */,
				CB487F0426E8D0B0004F6B87 /* BSGURLSessionTracingProxy.h */,
				CB487F0026E8D0B0004F6B87 /* BSGURLSessionTracingProxy.m */,
				CB487F0126E8D0B0004F6B87 /* NSURLSession+Tracing.h */,
				CB487F0526E8D0B1004F6B87 /* NSURLSession+Tracing.m */,
			);
			path = BugsnagNetworkRequestPlugin;
			sourceTree = "<group>";
		};
		CB487A6626D7B109004F6B87 /* BugsnagNetworkRequestPluginTests */ = {
			isa = PBXGroup;
			children = (
				016113852716EFBE002A50D4 /* BSGURLSessionTracingProxyTests.m */,
				CB487A6726D7B109004F6B87 /* BugsnagNetworkRequestPluginTests.m */,
				CB487A6926D7B109004F6B87 /* Info.plist */,
			);
			path = BugsnagNetworkRequestPluginTests;
			sourceTree = "<group>";
		};
		CB487A7326D7B12F004F6B87 /* Frameworks */ = {
			isa = PBXGroup;
			children = (
				CB26E9C528351469005A1865 /* Bugsnag.framework */,
				CB26E9C128351217005A1865 /* Bugsnag.framework */,
				CB26E9BD283510D8005A1865 /* Bugsnag.framework */,
				CB3B7FA92832752600CAD67A /* Bugsnag.framework */,
				CB487AB426D7B191004F6B87 /* Bugsnag.framework */,
				CB487A9426D7B166004F6B87 /* Bugsnag.framework */,
				CB487A7426D7B12F004F6B87 /* Bugsnag.framework */,
			);
			name = Frameworks;
			sourceTree = "<group>";
		};
		CB487C2D26DE3EFB004F6B87 /* include */ = {
			isa = PBXGroup;
			children = (
				CB487C2E26DE3EFB004F6B87 /* BugsnagNetworkRequestPlugin */,
			);
			path = include;
			sourceTree = "<group>";
		};
		CB487C2E26DE3EFB004F6B87 /* BugsnagNetworkRequestPlugin */ = {
			isa = PBXGroup;
			children = (
				CB487C2F26DE3EFB004F6B87 /* BugsnagNetworkRequestPlugin.h */,
			);
			path = BugsnagNetworkRequestPlugin;
			sourceTree = "<group>";
		};
/* End PBXGroup section */

/* Begin PBXHeadersBuildPhase section */
		CB3B7F872832709000CAD67A /* Headers */ = {
			isa = PBXHeadersBuildPhase;
			buildActionMask = 2147483647;
			files = (
				CB3B7FA82832746000CAD67A /* BugsnagNetworkRequestPlugin.h in Headers */,
			);
			runOnlyForDeploymentPostprocessing = 0;
		};
		CB487A5426D7B109004F6B87 /* Headers */ = {
			isa = PBXHeadersBuildPhase;
			buildActionMask = 2147483647;
			files = (
				CB487F0F26E8D0B1004F6B87 /* BSGURLSessionTracingDelegate.h in Headers */,
				CB487C3026DE3EFB004F6B87 /* BugsnagNetworkRequestPlugin.h in Headers */,
				CB487F1226E8D0B1004F6B87 /* BSGURLSessionTracingProxy.h in Headers */,
				CB487F0926E8D0B1004F6B87 /* NSURLSession+Tracing.h in Headers */,
			);
			runOnlyForDeploymentPostprocessing = 0;
		};
		CB487A7826D7B144004F6B87 /* Headers */ = {
			isa = PBXHeadersBuildPhase;
			buildActionMask = 2147483647;
			files = (
				CB487F1026E8D0B1004F6B87 /* BSGURLSessionTracingDelegate.h in Headers */,
				CB487C3126DE3EFB004F6B87 /* BugsnagNetworkRequestPlugin.h in Headers */,
				CB487F1326E8D0B1004F6B87 /* BSGURLSessionTracingProxy.h in Headers */,
				CB487F0A26E8D0B1004F6B87 /* NSURLSession+Tracing.h in Headers */,
			);
			runOnlyForDeploymentPostprocessing = 0;
		};
		CB487A9826D7B172004F6B87 /* Headers */ = {
			isa = PBXHeadersBuildPhase;
			buildActionMask = 2147483647;
			files = (
				CB487F1126E8D0B1004F6B87 /* BSGURLSessionTracingDelegate.h in Headers */,
				CB487C3226DE3EFB004F6B87 /* BugsnagNetworkRequestPlugin.h in Headers */,
				CB487F1426E8D0B1004F6B87 /* BSGURLSessionTracingProxy.h in Headers */,
				CB487F0B26E8D0B1004F6B87 /* NSURLSession+Tracing.h in Headers */,
			);
			runOnlyForDeploymentPostprocessing = 0;
		};
/* End PBXHeadersBuildPhase section */

/* Begin PBXNativeTarget section */
		01DC33A02733FC9A005B2BDD /* BugsnagNetworkRequestPluginTestHost-iOS */ = {
			isa = PBXNativeTarget;
			buildConfigurationList = 01DC33B92733FC9B005B2BDD /* Build configuration list for PBXNativeTarget "BugsnagNetworkRequestPluginTestHost-iOS" */;
			buildPhases = (
				01DC339D2733FC9A005B2BDD /* Sources */,
				01DC339E2733FC9A005B2BDD /* Frameworks */,
				01DC339F2733FC9A005B2BDD /* Resources */,
				01DC33C22733FDF0005B2BDD /* Embed Frameworks */,
			);
			buildRules = (
			);
			dependencies = (
				01DC33BF2733FDF0005B2BDD /* PBXTargetDependency */,
			);
			name = "BugsnagNetworkRequestPluginTestHost-iOS";
			productName = "TestHost-iOS";
			productReference = 01DC33A12733FC9A005B2BDD /* BugsnagNetworkRequestPluginTestHost-iOS.app */;
			productType = "com.apple.product-type.application";
		};
		CB2430D626F1DA8A00CB5EC4 /* BugsnagNetworkRequestPluginStatic */ = {
			isa = PBXNativeTarget;
			buildConfigurationList = CB2430DF26F1DA8A00CB5EC4 /* Build configuration list for PBXNativeTarget "BugsnagNetworkRequestPluginStatic" */;
			buildPhases = (
				CB2430D326F1DA8A00CB5EC4 /* Sources */,
				CB2430D426F1DA8A00CB5EC4 /* Frameworks */,
				CB2430D526F1DA8A00CB5EC4 /* CopyFiles */,
			);
			buildRules = (
			);
			dependencies = (
			);
			name = BugsnagNetworkRequestPluginStatic;
			productName = BugsnagNetworkRequestPluginStatic;
			productReference = CB2430D726F1DA8A00CB5EC4 /* libBugsnagNetworkRequestPluginStatic.a */;
			productType = "com.apple.product-type.library.static";
		};
		CB3B7F8B2832709000CAD67A /* BugsnagNetworkRequestPlugin-watchOS */ = {
			isa = PBXNativeTarget;
			buildConfigurationList = CB3B7F9F2832709000CAD67A /* Build configuration list for PBXNativeTarget "BugsnagNetworkRequestPlugin-watchOS" */;
			buildPhases = (
				CB3B7F872832709000CAD67A /* Headers */,
				CB3B7F882832709000CAD67A /* Sources */,
				CB3B7F892832709000CAD67A /* Frameworks */,
				CB3B7F8A2832709000CAD67A /* Resources */,
			);
			buildRules = (
			);
			dependencies = (
			);
			name = "BugsnagNetworkRequestPlugin-watchOS";
			productName = "BugsnagNetworkRequestPlugin-watchOS";
			productReference = CB3B7F8C2832709000CAD67A /* BugsnagNetworkRequestPlugin.framework */;
			productType = "com.apple.product-type.framework";
		};
		CB3B7F922832709000CAD67A /* BugsnagNetworkRequestPlugin-watchOSTests */ = {
			isa = PBXNativeTarget;
			buildConfigurationList = CB3B7FA02832709000CAD67A /* Build configuration list for PBXNativeTarget "BugsnagNetworkRequestPlugin-watchOSTests" */;
			buildPhases = (
				CB3B7F8F2832709000CAD67A /* Sources */,
				CB3B7F902832709000CAD67A /* Frameworks */,
				CB3B7F912832709000CAD67A /* Resources */,
			);
			buildRules = (
			);
			dependencies = (
				CB3B7F962832709000CAD67A /* PBXTargetDependency */,
			);
			name = "BugsnagNetworkRequestPlugin-watchOSTests";
			productName = "BugsnagNetworkRequestPlugin-watchOSTests";
			productReference = CB3B7F932832709000CAD67A /* BugsnagNetworkRequestPlugin-watchOSTests.xctest */;
			productType = "com.apple.product-type.bundle.unit-test";
		};
		CB487A5826D7B109004F6B87 /* BugsnagNetworkRequestPlugin-iOS */ = {
			isa = PBXNativeTarget;
			buildConfigurationList = CB487A6D26D7B109004F6B87 /* Build configuration list for PBXNativeTarget "BugsnagNetworkRequestPlugin-iOS" */;
			buildPhases = (
				CB487A5426D7B109004F6B87 /* Headers */,
				CB487A5526D7B109004F6B87 /* Sources */,
				CB487A5626D7B109004F6B87 /* Frameworks */,
				CB487A5726D7B109004F6B87 /* Resources */,
			);
			buildRules = (
			);
			dependencies = (
			);
			name = "BugsnagNetworkRequestPlugin-iOS";
			productName = BugsnagNetworkRequestPlugin;
			productReference = CB487A5926D7B109004F6B87 /* BugsnagNetworkRequestPlugin.framework */;
			productType = "com.apple.product-type.framework";
		};
		CB487A6126D7B109004F6B87 /* BugsnagNetworkRequestPlugin-iOSTests */ = {
			isa = PBXNativeTarget;
			buildConfigurationList = CB487A7026D7B109004F6B87 /* Build configuration list for PBXNativeTarget "BugsnagNetworkRequestPlugin-iOSTests" */;
			buildPhases = (
				CB487A5E26D7B109004F6B87 /* Sources */,
				CB487A5F26D7B109004F6B87 /* Frameworks */,
				CB487A6026D7B109004F6B87 /* Resources */,
			);
			buildRules = (
			);
			dependencies = (
				CB487A6526D7B109004F6B87 /* PBXTargetDependency */,
				01DC33BB2733FD0D005B2BDD /* PBXTargetDependency */,
			);
			name = "BugsnagNetworkRequestPlugin-iOSTests";
			productName = BugsnagNetworkRequestPluginTests;
			productReference = CB487A6226D7B109004F6B87 /* BugsnagNetworkRequestPlugin-iOSTests.xctest */;
			productType = "com.apple.product-type.bundle.unit-test";
		};
		CB487A7C26D7B144004F6B87 /* BugsnagNetworkRequestPlugin-macOS */ = {
			isa = PBXNativeTarget;
			buildConfigurationList = CB487A8E26D7B144004F6B87 /* Build configuration list for PBXNativeTarget "BugsnagNetworkRequestPlugin-macOS" */;
			buildPhases = (
				CB487A7826D7B144004F6B87 /* Headers */,
				CB487A7926D7B144004F6B87 /* Sources */,
				CB487A7A26D7B144004F6B87 /* Frameworks */,
				CB487A7B26D7B144004F6B87 /* Resources */,
			);
			buildRules = (
			);
			dependencies = (
			);
			name = "BugsnagNetworkRequestPlugin-macOS";
			productName = BugsnagNetworkRequestPlugin;
			productReference = CB487A7D26D7B144004F6B87 /* BugsnagNetworkRequestPlugin.framework */;
			productType = "com.apple.product-type.framework";
		};
		CB487A8426D7B144004F6B87 /* BugsnagNetworkRequestPlugin-macOSTests */ = {
			isa = PBXNativeTarget;
			buildConfigurationList = CB487A9126D7B144004F6B87 /* Build configuration list for PBXNativeTarget "BugsnagNetworkRequestPlugin-macOSTests" */;
			buildPhases = (
				CB487A8126D7B144004F6B87 /* Sources */,
				CB487A8226D7B144004F6B87 /* Frameworks */,
				CB487A8326D7B144004F6B87 /* Resources */,
			);
			buildRules = (
			);
			dependencies = (
				CB487A8826D7B144004F6B87 /* PBXTargetDependency */,
			);
			name = "BugsnagNetworkRequestPlugin-macOSTests";
			productName = BugsnagNetworkRequestPluginTests;
			productReference = CB487A8526D7B144004F6B87 /* BugsnagNetworkRequestPlugin-macOSTests.xctest */;
			productType = "com.apple.product-type.bundle.unit-test";
		};
		CB487A9C26D7B172004F6B87 /* BugsnagNetworkRequestPlugin-tvOS */ = {
			isa = PBXNativeTarget;
			buildConfigurationList = CB487AAE26D7B172004F6B87 /* Build configuration list for PBXNativeTarget "BugsnagNetworkRequestPlugin-tvOS" */;
			buildPhases = (
				CB487A9826D7B172004F6B87 /* Headers */,
				CB487A9926D7B172004F6B87 /* Sources */,
				CB487A9A26D7B172004F6B87 /* Frameworks */,
				CB487A9B26D7B172004F6B87 /* Resources */,
			);
			buildRules = (
			);
			dependencies = (
			);
			name = "BugsnagNetworkRequestPlugin-tvOS";
			productName = BugsnagNetworkRequestPlugin;
			productReference = CB487A9D26D7B172004F6B87 /* BugsnagNetworkRequestPlugin.framework */;
			productType = "com.apple.product-type.framework";
		};
		CB487AA426D7B172004F6B87 /* BugsnagNetworkRequestPlugin-tvOSTests */ = {
			isa = PBXNativeTarget;
			buildConfigurationList = CB487AB126D7B172004F6B87 /* Build configuration list for PBXNativeTarget "BugsnagNetworkRequestPlugin-tvOSTests" */;
			buildPhases = (
				CB487AA126D7B172004F6B87 /* Sources */,
				CB487AA226D7B172004F6B87 /* Frameworks */,
				CB487AA326D7B172004F6B87 /* Resources */,
			);
			buildRules = (
			);
			dependencies = (
				CB487AA826D7B172004F6B87 /* PBXTargetDependency */,
			);
			name = "BugsnagNetworkRequestPlugin-tvOSTests";
			productName = BugsnagNetworkRequestPluginTests;
			productReference = CB487AA526D7B172004F6B87 /* BugsnagNetworkRequestPlugin-tvOSTests.xctest */;
			productType = "com.apple.product-type.bundle.unit-test";
		};
/* End PBXNativeTarget section */

/* Begin PBXProject section */
		CB487A5026D7B109004F6B87 /* Project object */ = {
			isa = PBXProject;
			attributes = {
				LastUpgradeCheck = 1250;
				TargetAttributes = {
					01DC33A02733FC9A005B2BDD = {
						CreatedOnToolsVersion = 11.7;
					};
					CB2430D626F1DA8A00CB5EC4 = {
						CreatedOnToolsVersion = 12.5.1;
					};
					CB3B7F8B2832709000CAD67A = {
						CreatedOnToolsVersion = 13.3.1;
					};
					CB3B7F922832709000CAD67A = {
						CreatedOnToolsVersion = 13.3.1;
					};
					CB487A5826D7B109004F6B87 = {
						CreatedOnToolsVersion = 12.5.1;
					};
					CB487A6126D7B109004F6B87 = {
						CreatedOnToolsVersion = 12.5.1;
						TestTargetID = 01DC33A02733FC9A005B2BDD;
					};
					CB487A7C26D7B144004F6B87 = {
						CreatedOnToolsVersion = 12.5.1;
					};
					CB487A8426D7B144004F6B87 = {
						CreatedOnToolsVersion = 12.5.1;
					};
					CB487A9C26D7B172004F6B87 = {
						CreatedOnToolsVersion = 12.5.1;
					};
					CB487AA426D7B172004F6B87 = {
						CreatedOnToolsVersion = 12.5.1;
					};
				};
			};
			buildConfigurationList = CB487A5326D7B109004F6B87 /* Build configuration list for PBXProject "BugsnagNetworkRequestPlugin" */;
			compatibilityVersion = "Xcode 9.3";
			developmentRegion = en;
			hasScannedForEncodings = 0;
			knownRegions = (
				en,
				Base,
			);
			mainGroup = CB487A4F26D7B109004F6B87;
			productRefGroup = CB487A5A26D7B109004F6B87 /* Products */;
			projectDirPath = "";
			projectRoot = "";
			targets = (
				CB2430D626F1DA8A00CB5EC4 /* BugsnagNetworkRequestPluginStatic */,
				CB487A5826D7B109004F6B87 /* BugsnagNetworkRequestPlugin-iOS */,
				CB487A6126D7B109004F6B87 /* BugsnagNetworkRequestPlugin-iOSTests */,
				CB487A7C26D7B144004F6B87 /* BugsnagNetworkRequestPlugin-macOS */,
				CB487A8426D7B144004F6B87 /* BugsnagNetworkRequestPlugin-macOSTests */,
				CB487A9C26D7B172004F6B87 /* BugsnagNetworkRequestPlugin-tvOS */,
				CB487AA426D7B172004F6B87 /* BugsnagNetworkRequestPlugin-tvOSTests */,
				01DC33A02733FC9A005B2BDD /* BugsnagNetworkRequestPluginTestHost-iOS */,
				CB3B7F8B2832709000CAD67A /* BugsnagNetworkRequestPlugin-watchOS */,
				CB3B7F922832709000CAD67A /* BugsnagNetworkRequestPlugin-watchOSTests */,
			);
		};
/* End PBXProject section */

/* Begin PBXResourcesBuildPhase section */
		01DC339F2733FC9A005B2BDD /* Resources */ = {
			isa = PBXResourcesBuildPhase;
			buildActionMask = 2147483647;
			files = (
				01DC33B32733FC9B005B2BDD /* LaunchScreen.storyboard in Resources */,
				01DC33B02733FC9B005B2BDD /* Assets.xcassets in Resources */,
				01DC33AE2733FC9A005B2BDD /* Main.storyboard in Resources */,
			);
			runOnlyForDeploymentPostprocessing = 0;
		};
		CB3B7F8A2832709000CAD67A /* Resources */ = {
			isa = PBXResourcesBuildPhase;
			buildActionMask = 2147483647;
			files = (
			);
			runOnlyForDeploymentPostprocessing = 0;
		};
		CB3B7F912832709000CAD67A /* Resources */ = {
			isa = PBXResourcesBuildPhase;
			buildActionMask = 2147483647;
			files = (
			);
			runOnlyForDeploymentPostprocessing = 0;
		};
		CB487A5726D7B109004F6B87 /* Resources */ = {
			isa = PBXResourcesBuildPhase;
			buildActionMask = 2147483647;
			files = (
			);
			runOnlyForDeploymentPostprocessing = 0;
		};
		CB487A6026D7B109004F6B87 /* Resources */ = {
			isa = PBXResourcesBuildPhase;
			buildActionMask = 2147483647;
			files = (
			);
			runOnlyForDeploymentPostprocessing = 0;
		};
		CB487A7B26D7B144004F6B87 /* Resources */ = {
			isa = PBXResourcesBuildPhase;
			buildActionMask = 2147483647;
			files = (
			);
			runOnlyForDeploymentPostprocessing = 0;
		};
		CB487A8326D7B144004F6B87 /* Resources */ = {
			isa = PBXResourcesBuildPhase;
			buildActionMask = 2147483647;
			files = (
			);
			runOnlyForDeploymentPostprocessing = 0;
		};
		CB487A9B26D7B172004F6B87 /* Resources */ = {
			isa = PBXResourcesBuildPhase;
			buildActionMask = 2147483647;
			files = (
			);
			runOnlyForDeploymentPostprocessing = 0;
		};
		CB487AA326D7B172004F6B87 /* Resources */ = {
			isa = PBXResourcesBuildPhase;
			buildActionMask = 2147483647;
			files = (
			);
			runOnlyForDeploymentPostprocessing = 0;
		};
/* End PBXResourcesBuildPhase section */

/* Begin PBXSourcesBuildPhase section */
		01DC339D2733FC9A005B2BDD /* Sources */ = {
			isa = PBXSourcesBuildPhase;
			buildActionMask = 2147483647;
			files = (
				01DC33A52733FC9A005B2BDD /* AppDelegate.m in Sources */,
				01DC33B62733FC9B005B2BDD /* main.m in Sources */,
			);
			runOnlyForDeploymentPostprocessing = 0;
		};
		CB2430D326F1DA8A00CB5EC4 /* Sources */ = {
			isa = PBXSourcesBuildPhase;
			buildActionMask = 2147483647;
			files = (
				CB2430E026F1DABE00CB5EC4 /* BSGURLSessionTracingDelegate.m in Sources */,
				CB2430E226F1DABE00CB5EC4 /* NSURLSession+Tracing.m in Sources */,
				CB2430E326F1DAC500CB5EC4 /* BugsnagNetworkRequestPlugin.m in Sources */,
				CB2430E126F1DABE00CB5EC4 /* BSGURLSessionTracingProxy.m in Sources */,
			);
			runOnlyForDeploymentPostprocessing = 0;
		};
		CB3B7F882832709000CAD67A /* Sources */ = {
			isa = PBXSourcesBuildPhase;
			buildActionMask = 2147483647;
			files = (
				CB3B7FA4283270EF00CAD67A /* NSURLSession+Tracing.m in Sources */,
				CB3B7FA3283270EC00CAD67A /* BSGURLSessionTracingProxy.m in Sources */,
				CB3B7FA1283270E500CAD67A /* BugsnagNetworkRequestPlugin.m in Sources */,
				CB3B7FA2283270E900CAD67A /* BSGURLSessionTracingDelegate.m in Sources */,
			);
			runOnlyForDeploymentPostprocessing = 0;
		};
		CB3B7F8F2832709000CAD67A /* Sources */ = {
			isa = PBXSourcesBuildPhase;
			buildActionMask = 2147483647;
			files = (
				CB3B7FA72832710300CAD67A /* BugsnagNetworkRequestPluginTests.m in Sources */,
				CB3B7FA62832710000CAD67A /* BSGURLSessionTracingProxyTests.m in Sources */,
			);
			runOnlyForDeploymentPostprocessing = 0;
		};
		CB487A5526D7B109004F6B87 /* Sources */ = {
			isa = PBXSourcesBuildPhase;
			buildActionMask = 2147483647;
			files = (
				CB487F1526E8D0B1004F6B87 /* NSURLSession+Tracing.m in Sources */,
				CB487ABF26D7B295004F6B87 /* BugsnagNetworkRequestPlugin.m in Sources */,
				CB487F0C26E8D0B1004F6B87 /* BSGURLSessionTracingDelegate.m in Sources */,
				CB487F0626E8D0B1004F6B87 /* BSGURLSessionTracingProxy.m in Sources */,
			);
			runOnlyForDeploymentPostprocessing = 0;
		};
		CB487A5E26D7B109004F6B87 /* Sources */ = {
			isa = PBXSourcesBuildPhase;
			buildActionMask = 2147483647;
			files = (
				016113862716EFBE002A50D4 /* BSGURLSessionTracingProxyTests.m in Sources */,
				CB487AC226D7B9DB004F6B87 /* BugsnagNetworkRequestPluginTests.m in Sources */,
			);
			runOnlyForDeploymentPostprocessing = 0;
		};
		CB487A7926D7B144004F6B87 /* Sources */ = {
			isa = PBXSourcesBuildPhase;
			buildActionMask = 2147483647;
			files = (
				CB487F1626E8D0B1004F6B87 /* NSURLSession+Tracing.m in Sources */,
				CB487AC026D7B295004F6B87 /* BugsnagNetworkRequestPlugin.m in Sources */,
				CB487F0D26E8D0B1004F6B87 /* BSGURLSessionTracingDelegate.m in Sources */,
				CB487F0726E8D0B1004F6B87 /* BSGURLSessionTracingProxy.m in Sources */,
			);
			runOnlyForDeploymentPostprocessing = 0;
		};
		CB487A8126D7B144004F6B87 /* Sources */ = {
			isa = PBXSourcesBuildPhase;
			buildActionMask = 2147483647;
			files = (
				016113872716EFBE002A50D4 /* BSGURLSessionTracingProxyTests.m in Sources */,
				CB487AC326D7B9DC004F6B87 /* BugsnagNetworkRequestPluginTests.m in Sources */,
			);
			runOnlyForDeploymentPostprocessing = 0;
		};
		CB487A9926D7B172004F6B87 /* Sources */ = {
			isa = PBXSourcesBuildPhase;
			buildActionMask = 2147483647;
			files = (
				CB487F1726E8D0B1004F6B87 /* NSURLSession+Tracing.m in Sources */,
				CB487AC126D7B295004F6B87 /* BugsnagNetworkRequestPlugin.m in Sources */,
				CB487F0E26E8D0B1004F6B87 /* BSGURLSessionTracingDelegate.m in Sources */,
				CB487F0826E8D0B1004F6B87 /* BSGURLSessionTracingProxy.m in Sources */,
			);
			runOnlyForDeploymentPostprocessing = 0;
		};
		CB487AA126D7B172004F6B87 /* Sources */ = {
			isa = PBXSourcesBuildPhase;
			buildActionMask = 2147483647;
			files = (
				016113882716EFBE002A50D4 /* BSGURLSessionTracingProxyTests.m in Sources */,
				CB487AC426D7B9DD004F6B87 /* BugsnagNetworkRequestPluginTests.m in Sources */,
			);
			runOnlyForDeploymentPostprocessing = 0;
		};
/* End PBXSourcesBuildPhase section */

/* Begin PBXTargetDependency section */
		01DC33BB2733FD0D005B2BDD /* PBXTargetDependency */ = {
			isa = PBXTargetDependency;
			target = 01DC33A02733FC9A005B2BDD /* BugsnagNetworkRequestPluginTestHost-iOS */;
			targetProxy = 01DC33BA2733FD0D005B2BDD /* PBXContainerItemProxy */;
		};
		01DC33BF2733FDF0005B2BDD /* PBXTargetDependency */ = {
			isa = PBXTargetDependency;
			target = CB487A5826D7B109004F6B87 /* BugsnagNetworkRequestPlugin-iOS */;
			targetProxy = 01DC33BE2733FDF0005B2BDD /* PBXContainerItemProxy */;
		};
		CB3B7F962832709000CAD67A /* PBXTargetDependency */ = {
			isa = PBXTargetDependency;
			target = CB3B7F8B2832709000CAD67A /* BugsnagNetworkRequestPlugin-watchOS */;
			targetProxy = CB3B7F952832709000CAD67A /* PBXContainerItemProxy */;
		};
		CB487A6526D7B109004F6B87 /* PBXTargetDependency */ = {
			isa = PBXTargetDependency;
			target = CB487A5826D7B109004F6B87 /* BugsnagNetworkRequestPlugin-iOS */;
			targetProxy = CB487A6426D7B109004F6B87 /* PBXContainerItemProxy */;
		};
		CB487A8826D7B144004F6B87 /* PBXTargetDependency */ = {
			isa = PBXTargetDependency;
			target = CB487A7C26D7B144004F6B87 /* BugsnagNetworkRequestPlugin-macOS */;
			targetProxy = CB487A8726D7B144004F6B87 /* PBXContainerItemProxy */;
		};
		CB487AA826D7B172004F6B87 /* PBXTargetDependency */ = {
			isa = PBXTargetDependency;
			target = CB487A9C26D7B172004F6B87 /* BugsnagNetworkRequestPlugin-tvOS */;
			targetProxy = CB487AA726D7B172004F6B87 /* PBXContainerItemProxy */;
		};
/* End PBXTargetDependency section */

/* Begin PBXVariantGroup section */
		01DC33AC2733FC9A005B2BDD /* Main.storyboard */ = {
			isa = PBXVariantGroup;
			children = (
				01DC33AD2733FC9A005B2BDD /* Base */,
			);
			name = Main.storyboard;
			sourceTree = "<group>";
		};
		01DC33B12733FC9B005B2BDD /* LaunchScreen.storyboard */ = {
			isa = PBXVariantGroup;
			children = (
				01DC33B22733FC9B005B2BDD /* Base */,
			);
			name = LaunchScreen.storyboard;
			sourceTree = "<group>";
		};
/* End PBXVariantGroup section */

/* Begin XCBuildConfiguration section */
		01DC33B72733FC9B005B2BDD /* Debug */ = {
			isa = XCBuildConfiguration;
			buildSettings = {
				ASSETCATALOG_COMPILER_APPICON_NAME = AppIcon;
				CODE_SIGN_STYLE = Automatic;
				DEVELOPMENT_TEAM = 372ZUL2ZB7;
				INFOPLIST_FILE = "../Tests/TestHost-iOS/Info.plist";
				LD_RUNPATH_SEARCH_PATHS = (
					"$(inherited)",
					"@executable_path/Frameworks",
				);
				PRODUCT_BUNDLE_IDENTIFIER = "com.bugsnag.BugsnagNetworkRequestPluginTestHost-iOS";
				PRODUCT_NAME = "BugsnagNetworkRequestPluginTestHost-iOS";
				TARGETED_DEVICE_FAMILY = "1,2";
			};
			name = Debug;
		};
		01DC33B82733FC9B005B2BDD /* Release */ = {
			isa = XCBuildConfiguration;
			buildSettings = {
				ASSETCATALOG_COMPILER_APPICON_NAME = AppIcon;
				CODE_SIGN_STYLE = Automatic;
				DEVELOPMENT_TEAM = 372ZUL2ZB7;
				INFOPLIST_FILE = "../Tests/TestHost-iOS/Info.plist";
				LD_RUNPATH_SEARCH_PATHS = (
					"$(inherited)",
					"@executable_path/Frameworks",
				);
				PRODUCT_BUNDLE_IDENTIFIER = "com.bugsnag.BugsnagNetworkRequestPluginTestHost-iOS";
				PRODUCT_NAME = "BugsnagNetworkRequestPluginTestHost-iOS";
				TARGETED_DEVICE_FAMILY = "1,2";
			};
			name = Release;
		};
		CB2430DD26F1DA8A00CB5EC4 /* Debug */ = {
			isa = XCBuildConfiguration;
			buildSettings = {
				CODE_SIGN_STYLE = Automatic;
				DEVELOPMENT_TEAM = 372ZUL2ZB7;
				HEADER_SEARCH_PATHS = ../Bugsnag/include;
				OTHER_LDFLAGS = "-ObjC";
				PRODUCT_NAME = "$(TARGET_NAME)";
				SKIP_INSTALL = YES;
				TARGETED_DEVICE_FAMILY = "1,2";
			};
			name = Debug;
		};
		CB2430DE26F1DA8A00CB5EC4 /* Release */ = {
			isa = XCBuildConfiguration;
			buildSettings = {
				CODE_SIGN_STYLE = Automatic;
				DEVELOPMENT_TEAM = 372ZUL2ZB7;
				HEADER_SEARCH_PATHS = ../Bugsnag/include;
				OTHER_LDFLAGS = "-ObjC";
				PRODUCT_NAME = "$(TARGET_NAME)";
				SKIP_INSTALL = YES;
				TARGETED_DEVICE_FAMILY = "1,2";
			};
			name = Release;
		};
		CB3B7F9B2832709000CAD67A /* Debug */ = {
			isa = XCBuildConfiguration;
			buildSettings = {
				APPLICATION_EXTENSION_API_ONLY = YES;
				CLANG_CXX_LANGUAGE_STANDARD = "gnu++17";
				CODE_SIGN_STYLE = Automatic;
				CURRENT_PROJECT_VERSION = 1;
				DEFINES_MODULE = YES;
				DEVELOPMENT_TEAM = 372ZUL2ZB7;
				DYLIB_COMPATIBILITY_VERSION = 1;
				DYLIB_CURRENT_VERSION = 1;
				DYLIB_INSTALL_NAME_BASE = "@rpath";
				FRAMEWORK_SEARCH_PATHS = "$(BUILT_PRODUCTS_DIR)";
				GENERATE_INFOPLIST_FILE = YES;
				HEADER_SEARCH_PATHS = "$(PROJECT_DIR)/../Bugsnag/include";
				INFOPLIST_KEY_NSHumanReadableCopyright = "";
				INSTALL_PATH = "$(LOCAL_LIBRARY_DIR)/Frameworks";
				LD_RUNPATH_SEARCH_PATHS = (
					"$(inherited)",
					"@executable_path/Frameworks",
					"@loader_path/Frameworks",
				);
				MARKETING_VERSION = 1.0;
				PRODUCT_BUNDLE_IDENTIFIER = com.bugsnag.BugsnagNetworkRequestPlugin;
				PRODUCT_NAME = BugsnagNetworkRequestPlugin;
				SDKROOT = watchos;
				SKIP_INSTALL = YES;
				SWIFT_EMIT_LOC_STRINGS = YES;
				TARGETED_DEVICE_FAMILY = 4;
			};
			name = Debug;
		};
		CB3B7F9C2832709000CAD67A /* Release */ = {
			isa = XCBuildConfiguration;
			buildSettings = {
				APPLICATION_EXTENSION_API_ONLY = YES;
				CLANG_CXX_LANGUAGE_STANDARD = "gnu++17";
				CODE_SIGN_STYLE = Automatic;
				CURRENT_PROJECT_VERSION = 1;
				DEFINES_MODULE = YES;
				DEVELOPMENT_TEAM = 372ZUL2ZB7;
				DYLIB_COMPATIBILITY_VERSION = 1;
				DYLIB_CURRENT_VERSION = 1;
				DYLIB_INSTALL_NAME_BASE = "@rpath";
				FRAMEWORK_SEARCH_PATHS = "$(BUILT_PRODUCTS_DIR)";
				GENERATE_INFOPLIST_FILE = YES;
				HEADER_SEARCH_PATHS = "$(PROJECT_DIR)/../Bugsnag/include";
				INFOPLIST_KEY_NSHumanReadableCopyright = "";
				INSTALL_PATH = "$(LOCAL_LIBRARY_DIR)/Frameworks";
				LD_RUNPATH_SEARCH_PATHS = (
					"$(inherited)",
					"@executable_path/Frameworks",
					"@loader_path/Frameworks",
				);
				MARKETING_VERSION = 1.0;
				PRODUCT_BUNDLE_IDENTIFIER = com.bugsnag.BugsnagNetworkRequestPlugin;
				PRODUCT_NAME = BugsnagNetworkRequestPlugin;
				SDKROOT = watchos;
				SKIP_INSTALL = YES;
				SWIFT_EMIT_LOC_STRINGS = YES;
				TARGETED_DEVICE_FAMILY = 4;
			};
			name = Release;
		};
		CB3B7F9D2832709000CAD67A /* Debug */ = {
			isa = XCBuildConfiguration;
			buildSettings = {
				CLANG_CXX_LANGUAGE_STANDARD = "gnu++17";
				CODE_SIGN_STYLE = Automatic;
				CURRENT_PROJECT_VERSION = 1;
				DEVELOPMENT_TEAM = 372ZUL2ZB7;
				GCC_WARN_ABOUT_DEPRECATED_FUNCTIONS = NO;
				GCC_WARN_PEDANTIC = NO;
				GCC_WARN_UNUSED_PARAMETER = NO;
				GENERATE_INFOPLIST_FILE = YES;
				MARKETING_VERSION = 1.0;
				PRODUCT_BUNDLE_IDENTIFIER = com.bugsnag.BugsnagNetworkRequestPluginTests;
				PRODUCT_NAME = "$(TARGET_NAME)";
				SDKROOT = watchos;
				SWIFT_EMIT_LOC_STRINGS = NO;
				TARGETED_DEVICE_FAMILY = 4;
			};
			name = Debug;
		};
		CB3B7F9E2832709000CAD67A /* Release */ = {
			isa = XCBuildConfiguration;
			buildSettings = {
				CLANG_CXX_LANGUAGE_STANDARD = "gnu++17";
				CODE_SIGN_STYLE = Automatic;
				CURRENT_PROJECT_VERSION = 1;
				DEVELOPMENT_TEAM = 372ZUL2ZB7;
				GCC_WARN_ABOUT_DEPRECATED_FUNCTIONS = NO;
				GCC_WARN_PEDANTIC = NO;
				GCC_WARN_UNUSED_PARAMETER = NO;
				GENERATE_INFOPLIST_FILE = YES;
				MARKETING_VERSION = 1.0;
				PRODUCT_BUNDLE_IDENTIFIER = com.bugsnag.BugsnagNetworkRequestPluginTests;
				PRODUCT_NAME = "$(TARGET_NAME)";
				SDKROOT = watchos;
				SWIFT_EMIT_LOC_STRINGS = NO;
				TARGETED_DEVICE_FAMILY = 4;
			};
			name = Release;
		};
		CB487A6B26D7B109004F6B87 /* Debug */ = {
			isa = XCBuildConfiguration;
			buildSettings = {
				ALWAYS_SEARCH_USER_PATHS = NO;
				CLANG_ANALYZER_GCD_PERFORMANCE = YES;
				CLANG_ANALYZER_NONNULL = YES;
				CLANG_ANALYZER_NUMBER_OBJECT_CONVERSION = YES_AGGRESSIVE;
				CLANG_ANALYZER_SECURITY_FLOATLOOPCOUNTER = YES;
				CLANG_ANALYZER_SECURITY_INSECUREAPI_RAND = YES;
				CLANG_ANALYZER_SECURITY_INSECUREAPI_STRCPY = YES;
				CLANG_CXX_LANGUAGE_STANDARD = "gnu++14";
				CLANG_CXX_LIBRARY = "libc++";
				CLANG_ENABLE_MODULES = YES;
				CLANG_ENABLE_OBJC_ARC = YES;
				CLANG_ENABLE_OBJC_WEAK = YES;
				CLANG_UNDEFINED_BEHAVIOR_SANITIZER_INTEGER = YES;
				CLANG_UNDEFINED_BEHAVIOR_SANITIZER_NULLABILITY = YES;
				CLANG_WARN_ASSIGN_ENUM = YES;
				CLANG_WARN_ATOMIC_IMPLICIT_SEQ_CST = YES;
				CLANG_WARN_BLOCK_CAPTURE_AUTORELEASING = YES;
				CLANG_WARN_BOOL_CONVERSION = YES;
				CLANG_WARN_COMMA = YES;
				CLANG_WARN_CONSTANT_CONVERSION = YES;
				CLANG_WARN_CXX0X_EXTENSIONS = YES;
				CLANG_WARN_DEPRECATED_OBJC_IMPLEMENTATIONS = YES;
				CLANG_WARN_DIRECT_OBJC_ISA_USAGE = YES_ERROR;
				CLANG_WARN_DOCUMENTATION_COMMENTS = YES;
				CLANG_WARN_EMPTY_BODY = YES;
				CLANG_WARN_ENUM_CONVERSION = YES;
				CLANG_WARN_FRAMEWORK_INCLUDE_PRIVATE_FROM_PUBLIC = YES;
				CLANG_WARN_IMPLICIT_SIGN_CONVERSION = YES_ERROR;
				CLANG_WARN_INFINITE_RECURSION = YES;
				CLANG_WARN_INT_CONVERSION = YES;
				CLANG_WARN_NON_LITERAL_NULL_CONVERSION = YES;
				CLANG_WARN_OBJC_EXPLICIT_OWNERSHIP_TYPE = YES;
				CLANG_WARN_OBJC_IMPLICIT_ATOMIC_PROPERTIES = YES;
				CLANG_WARN_OBJC_IMPLICIT_RETAIN_SELF = YES;
				CLANG_WARN_OBJC_INTERFACE_IVARS = YES;
				CLANG_WARN_OBJC_LITERAL_CONVERSION = YES;
				CLANG_WARN_OBJC_REPEATED_USE_OF_WEAK = YES;
				CLANG_WARN_OBJC_ROOT_CLASS = YES_ERROR;
				CLANG_WARN_QUOTED_INCLUDE_IN_FRAMEWORK_HEADER = YES;
				CLANG_WARN_RANGE_LOOP_ANALYSIS = YES;
				CLANG_WARN_SEMICOLON_BEFORE_METHOD_BODY = YES;
				CLANG_WARN_STRICT_PROTOTYPES = YES;
				CLANG_WARN_SUSPICIOUS_IMPLICIT_CONVERSION = YES_ERROR;
				CLANG_WARN_SUSPICIOUS_MOVE = YES;
				CLANG_WARN_UNGUARDED_AVAILABILITY = YES_AGGRESSIVE;
				CLANG_WARN_UNREACHABLE_CODE = YES;
				CLANG_WARN__DUPLICATE_METHOD_MATCH = YES;
				CLANG_WARN__EXIT_TIME_DESTRUCTORS = YES;
				COPY_PHASE_STRIP = NO;
				CURRENT_PROJECT_VERSION = 1;
				DEBUG_INFORMATION_FORMAT = dwarf;
				ENABLE_STRICT_OBJC_MSGSEND = YES;
				ENABLE_TESTABILITY = YES;
				GCC_C_LANGUAGE_STANDARD = gnu11;
				GCC_DYNAMIC_NO_PIC = NO;
				GCC_NO_COMMON_BLOCKS = YES;
				GCC_OPTIMIZATION_LEVEL = 0;
				GCC_PREPROCESSOR_DEFINITIONS = (
					"DEBUG=1",
					"$(inherited)",
				);
				GCC_TREAT_IMPLICIT_FUNCTION_DECLARATIONS_AS_ERRORS = YES;
				GCC_TREAT_INCOMPATIBLE_POINTER_TYPE_WARNINGS_AS_ERRORS = YES;
				GCC_TREAT_WARNINGS_AS_ERRORS = YES;
				GCC_WARN_64_TO_32_BIT_CONVERSION = YES;
				GCC_WARN_ABOUT_MISSING_FIELD_INITIALIZERS = YES;
				GCC_WARN_ABOUT_MISSING_NEWLINE = YES;
				GCC_WARN_ABOUT_MISSING_PROTOTYPES = YES;
				GCC_WARN_ABOUT_RETURN_TYPE = YES_ERROR;
				GCC_WARN_FOUR_CHARACTER_CONSTANTS = YES;
				GCC_WARN_HIDDEN_VIRTUAL_FUNCTIONS = YES;
				GCC_WARN_INITIALIZER_NOT_FULLY_BRACKETED = YES;
				GCC_WARN_NON_VIRTUAL_DESTRUCTOR = YES;
				GCC_WARN_PEDANTIC = YES;
				GCC_WARN_SHADOW = YES;
				GCC_WARN_SIGN_COMPARE = YES;
				GCC_WARN_STRICT_SELECTOR_MATCH = YES;
				GCC_WARN_UNDECLARED_SELECTOR = YES;
				GCC_WARN_UNINITIALIZED_AUTOS = YES_AGGRESSIVE;
				GCC_WARN_UNKNOWN_PRAGMAS = YES;
				GCC_WARN_UNUSED_FUNCTION = YES;
				GCC_WARN_UNUSED_LABEL = YES;
				GCC_WARN_UNUSED_PARAMETER = YES;
				GCC_WARN_UNUSED_VARIABLE = YES;
				IPHONEOS_DEPLOYMENT_TARGET = 9.0;
				MACOSX_DEPLOYMENT_TARGET = 10.11;
				MTL_ENABLE_DEBUG_INFO = INCLUDE_SOURCE;
				MTL_FAST_MATH = YES;
				ONLY_ACTIVE_ARCH = YES;
				SDKROOT = iphoneos;
				TVOS_DEPLOYMENT_TARGET = 9.2;
				VERSIONING_SYSTEM = "apple-generic";
				VERSION_INFO_PREFIX = "";
				WATCHOS_DEPLOYMENT_TARGET = 6.3;
			};
			name = Debug;
		};
		CB487A6C26D7B109004F6B87 /* Release */ = {
			isa = XCBuildConfiguration;
			buildSettings = {
				ALWAYS_SEARCH_USER_PATHS = NO;
				CLANG_ANALYZER_GCD_PERFORMANCE = YES;
				CLANG_ANALYZER_NONNULL = YES;
				CLANG_ANALYZER_NUMBER_OBJECT_CONVERSION = YES_AGGRESSIVE;
				CLANG_ANALYZER_SECURITY_FLOATLOOPCOUNTER = YES;
				CLANG_ANALYZER_SECURITY_INSECUREAPI_RAND = YES;
				CLANG_ANALYZER_SECURITY_INSECUREAPI_STRCPY = YES;
				CLANG_CXX_LANGUAGE_STANDARD = "gnu++14";
				CLANG_CXX_LIBRARY = "libc++";
				CLANG_ENABLE_MODULES = YES;
				CLANG_ENABLE_OBJC_ARC = YES;
				CLANG_ENABLE_OBJC_WEAK = YES;
				CLANG_UNDEFINED_BEHAVIOR_SANITIZER_INTEGER = YES;
				CLANG_UNDEFINED_BEHAVIOR_SANITIZER_NULLABILITY = YES;
				CLANG_WARN_ASSIGN_ENUM = YES;
				CLANG_WARN_ATOMIC_IMPLICIT_SEQ_CST = YES;
				CLANG_WARN_BLOCK_CAPTURE_AUTORELEASING = YES;
				CLANG_WARN_BOOL_CONVERSION = YES;
				CLANG_WARN_COMMA = YES;
				CLANG_WARN_CONSTANT_CONVERSION = YES;
				CLANG_WARN_CXX0X_EXTENSIONS = YES;
				CLANG_WARN_DEPRECATED_OBJC_IMPLEMENTATIONS = YES;
				CLANG_WARN_DIRECT_OBJC_ISA_USAGE = YES_ERROR;
				CLANG_WARN_DOCUMENTATION_COMMENTS = YES;
				CLANG_WARN_EMPTY_BODY = YES;
				CLANG_WARN_ENUM_CONVERSION = YES;
				CLANG_WARN_FRAMEWORK_INCLUDE_PRIVATE_FROM_PUBLIC = YES;
				CLANG_WARN_IMPLICIT_SIGN_CONVERSION = YES_ERROR;
				CLANG_WARN_INFINITE_RECURSION = YES;
				CLANG_WARN_INT_CONVERSION = YES;
				CLANG_WARN_NON_LITERAL_NULL_CONVERSION = YES;
				CLANG_WARN_OBJC_EXPLICIT_OWNERSHIP_TYPE = YES;
				CLANG_WARN_OBJC_IMPLICIT_ATOMIC_PROPERTIES = YES;
				CLANG_WARN_OBJC_IMPLICIT_RETAIN_SELF = YES;
				CLANG_WARN_OBJC_INTERFACE_IVARS = YES;
				CLANG_WARN_OBJC_LITERAL_CONVERSION = YES;
				CLANG_WARN_OBJC_REPEATED_USE_OF_WEAK = YES;
				CLANG_WARN_OBJC_ROOT_CLASS = YES_ERROR;
				CLANG_WARN_QUOTED_INCLUDE_IN_FRAMEWORK_HEADER = YES;
				CLANG_WARN_RANGE_LOOP_ANALYSIS = YES;
				CLANG_WARN_SEMICOLON_BEFORE_METHOD_BODY = YES;
				CLANG_WARN_STRICT_PROTOTYPES = YES;
				CLANG_WARN_SUSPICIOUS_IMPLICIT_CONVERSION = YES_ERROR;
				CLANG_WARN_SUSPICIOUS_MOVE = YES;
				CLANG_WARN_UNGUARDED_AVAILABILITY = YES_AGGRESSIVE;
				CLANG_WARN_UNREACHABLE_CODE = YES;
				CLANG_WARN__DUPLICATE_METHOD_MATCH = YES;
				CLANG_WARN__EXIT_TIME_DESTRUCTORS = YES;
				COPY_PHASE_STRIP = NO;
				CURRENT_PROJECT_VERSION = 1;
				DEBUG_INFORMATION_FORMAT = "dwarf-with-dsym";
				ENABLE_NS_ASSERTIONS = NO;
				ENABLE_STRICT_OBJC_MSGSEND = YES;
				GCC_C_LANGUAGE_STANDARD = gnu11;
				GCC_NO_COMMON_BLOCKS = YES;
				GCC_TREAT_IMPLICIT_FUNCTION_DECLARATIONS_AS_ERRORS = YES;
				GCC_TREAT_INCOMPATIBLE_POINTER_TYPE_WARNINGS_AS_ERRORS = YES;
				GCC_TREAT_WARNINGS_AS_ERRORS = YES;
				GCC_WARN_64_TO_32_BIT_CONVERSION = YES;
				GCC_WARN_ABOUT_MISSING_FIELD_INITIALIZERS = YES;
				GCC_WARN_ABOUT_MISSING_NEWLINE = YES;
				GCC_WARN_ABOUT_MISSING_PROTOTYPES = YES;
				GCC_WARN_ABOUT_RETURN_TYPE = YES_ERROR;
				GCC_WARN_FOUR_CHARACTER_CONSTANTS = YES;
				GCC_WARN_HIDDEN_VIRTUAL_FUNCTIONS = YES;
				GCC_WARN_INITIALIZER_NOT_FULLY_BRACKETED = YES;
				GCC_WARN_NON_VIRTUAL_DESTRUCTOR = YES;
				GCC_WARN_PEDANTIC = YES;
				GCC_WARN_SHADOW = YES;
				GCC_WARN_SIGN_COMPARE = YES;
				GCC_WARN_STRICT_SELECTOR_MATCH = YES;
				GCC_WARN_UNDECLARED_SELECTOR = YES;
				GCC_WARN_UNINITIALIZED_AUTOS = YES_AGGRESSIVE;
				GCC_WARN_UNKNOWN_PRAGMAS = YES;
				GCC_WARN_UNUSED_FUNCTION = YES;
				GCC_WARN_UNUSED_LABEL = YES;
				GCC_WARN_UNUSED_PARAMETER = YES;
				GCC_WARN_UNUSED_VARIABLE = YES;
				IPHONEOS_DEPLOYMENT_TARGET = 9.0;
				MACOSX_DEPLOYMENT_TARGET = 10.11;
				MTL_ENABLE_DEBUG_INFO = NO;
				MTL_FAST_MATH = YES;
				SDKROOT = iphoneos;
				TVOS_DEPLOYMENT_TARGET = 9.2;
				VALIDATE_PRODUCT = YES;
				VERSIONING_SYSTEM = "apple-generic";
				VERSION_INFO_PREFIX = "";
				WATCHOS_DEPLOYMENT_TARGET = 6.3;
			};
			name = Release;
		};
		CB487A6E26D7B109004F6B87 /* Debug */ = {
			isa = XCBuildConfiguration;
			buildSettings = {
				CODE_SIGN_STYLE = Automatic;
				DEFINES_MODULE = YES;
				DEVELOPMENT_TEAM = 372ZUL2ZB7;
				DYLIB_COMPATIBILITY_VERSION = 1;
				DYLIB_CURRENT_VERSION = 1;
				DYLIB_INSTALL_NAME_BASE = "@rpath";
				INFOPLIST_FILE = BugsnagNetworkRequestPlugin/Info.plist;
				INSTALL_PATH = "$(LOCAL_LIBRARY_DIR)/Frameworks";
				LD_RUNPATH_SEARCH_PATHS = (
					"$(inherited)",
					"@executable_path/Frameworks",
					"@loader_path/Frameworks",
				);
				PRODUCT_BUNDLE_IDENTIFIER = com.bugsnag.BugsnagNetworkRequestPlugin;
				PRODUCT_NAME = BugsnagNetworkRequestPlugin;
				SKIP_INSTALL = YES;
				TARGETED_DEVICE_FAMILY = "1,2";
			};
			name = Debug;
		};
		CB487A6F26D7B109004F6B87 /* Release */ = {
			isa = XCBuildConfiguration;
			buildSettings = {
				CODE_SIGN_STYLE = Automatic;
				DEFINES_MODULE = YES;
				DEVELOPMENT_TEAM = 372ZUL2ZB7;
				DYLIB_COMPATIBILITY_VERSION = 1;
				DYLIB_CURRENT_VERSION = 1;
				DYLIB_INSTALL_NAME_BASE = "@rpath";
				INFOPLIST_FILE = BugsnagNetworkRequestPlugin/Info.plist;
				INSTALL_PATH = "$(LOCAL_LIBRARY_DIR)/Frameworks";
				LD_RUNPATH_SEARCH_PATHS = (
					"$(inherited)",
					"@executable_path/Frameworks",
					"@loader_path/Frameworks",
				);
				PRODUCT_BUNDLE_IDENTIFIER = com.bugsnag.BugsnagNetworkRequestPlugin;
				PRODUCT_NAME = BugsnagNetworkRequestPlugin;
				SKIP_INSTALL = YES;
				TARGETED_DEVICE_FAMILY = "1,2";
			};
			name = Release;
		};
		CB487A7126D7B109004F6B87 /* Debug */ = {
			isa = XCBuildConfiguration;
			buildSettings = {
				CODE_SIGN_STYLE = Automatic;
				DEVELOPMENT_TEAM = 372ZUL2ZB7;
				GCC_WARN_PEDANTIC = NO;
				GCC_WARN_UNUSED_PARAMETER = NO;
				INFOPLIST_FILE = BugsnagNetworkRequestPluginTests/Info.plist;
				LD_RUNPATH_SEARCH_PATHS = (
					"$(inherited)",
					"@executable_path/Frameworks",
					"@loader_path/Frameworks",
				);
				PRODUCT_BUNDLE_IDENTIFIER = com.bugsnag.BugsnagNetworkRequestPluginTests;
				PRODUCT_NAME = "$(TARGET_NAME)";
				TARGETED_DEVICE_FAMILY = "1,2";
				TEST_HOST = "$(BUILT_PRODUCTS_DIR)/BugsnagNetworkRequestPluginTestHost-iOS.app/BugsnagNetworkRequestPluginTestHost-iOS";
			};
			name = Debug;
		};
		CB487A7226D7B109004F6B87 /* Release */ = {
			isa = XCBuildConfiguration;
			buildSettings = {
				CODE_SIGN_STYLE = Automatic;
				DEVELOPMENT_TEAM = 372ZUL2ZB7;
				GCC_WARN_PEDANTIC = NO;
				GCC_WARN_UNUSED_PARAMETER = NO;
				INFOPLIST_FILE = BugsnagNetworkRequestPluginTests/Info.plist;
				LD_RUNPATH_SEARCH_PATHS = (
					"$(inherited)",
					"@executable_path/Frameworks",
					"@loader_path/Frameworks",
				);
				PRODUCT_BUNDLE_IDENTIFIER = com.bugsnag.BugsnagNetworkRequestPluginTests;
				PRODUCT_NAME = "$(TARGET_NAME)";
				TARGETED_DEVICE_FAMILY = "1,2";
				TEST_HOST = "$(BUILT_PRODUCTS_DIR)/BugsnagNetworkRequestPluginTestHost-iOS.app/BugsnagNetworkRequestPluginTestHost-iOS";
			};
			name = Release;
		};
		CB487A8F26D7B144004F6B87 /* Debug */ = {
			isa = XCBuildConfiguration;
			buildSettings = {
				CODE_SIGN_STYLE = Automatic;
				COMBINE_HIDPI_IMAGES = YES;
				DEFINES_MODULE = YES;
				DEVELOPMENT_TEAM = 372ZUL2ZB7;
				DYLIB_COMPATIBILITY_VERSION = 1;
				DYLIB_CURRENT_VERSION = 1;
				DYLIB_INSTALL_NAME_BASE = "@rpath";
				INFOPLIST_FILE = BugsnagNetworkRequestPlugin/Info.plist;
				INSTALL_PATH = "$(LOCAL_LIBRARY_DIR)/Frameworks";
				LD_RUNPATH_SEARCH_PATHS = (
					"$(inherited)",
					"@executable_path/../Frameworks",
					"@loader_path/Frameworks",
				);
				PRODUCT_BUNDLE_IDENTIFIER = com.bugsnag.BugsnagNetworkRequestPlugin;
				PRODUCT_NAME = BugsnagNetworkRequestPlugin;
				SDKROOT = macosx;
				SKIP_INSTALL = YES;
			};
			name = Debug;
		};
		CB487A9026D7B144004F6B87 /* Release */ = {
			isa = XCBuildConfiguration;
			buildSettings = {
				CODE_SIGN_STYLE = Automatic;
				COMBINE_HIDPI_IMAGES = YES;
				DEFINES_MODULE = YES;
				DEVELOPMENT_TEAM = 372ZUL2ZB7;
				DYLIB_COMPATIBILITY_VERSION = 1;
				DYLIB_CURRENT_VERSION = 1;
				DYLIB_INSTALL_NAME_BASE = "@rpath";
				INFOPLIST_FILE = BugsnagNetworkRequestPlugin/Info.plist;
				INSTALL_PATH = "$(LOCAL_LIBRARY_DIR)/Frameworks";
				LD_RUNPATH_SEARCH_PATHS = (
					"$(inherited)",
					"@executable_path/../Frameworks",
					"@loader_path/Frameworks",
				);
				PRODUCT_BUNDLE_IDENTIFIER = com.bugsnag.BugsnagNetworkRequestPlugin;
				PRODUCT_NAME = BugsnagNetworkRequestPlugin;
				SDKROOT = macosx;
				SKIP_INSTALL = YES;
			};
			name = Release;
		};
		CB487A9226D7B144004F6B87 /* Debug */ = {
			isa = XCBuildConfiguration;
			buildSettings = {
				CODE_SIGN_STYLE = Automatic;
				COMBINE_HIDPI_IMAGES = YES;
				DEVELOPMENT_TEAM = 372ZUL2ZB7;
				GCC_WARN_PEDANTIC = NO;
				GCC_WARN_UNUSED_PARAMETER = NO;
				INFOPLIST_FILE = BugsnagNetworkRequestPluginTests/Info.plist;
				LD_RUNPATH_SEARCH_PATHS = (
					"$(inherited)",
					"@executable_path/../Frameworks",
					"@loader_path/../Frameworks",
				);
				PRODUCT_BUNDLE_IDENTIFIER = com.bugsnag.BugsnagNetworkRequestPluginTests;
				PRODUCT_NAME = "$(TARGET_NAME)";
				SDKROOT = macosx;
			};
			name = Debug;
		};
		CB487A9326D7B144004F6B87 /* Release */ = {
			isa = XCBuildConfiguration;
			buildSettings = {
				CODE_SIGN_STYLE = Automatic;
				COMBINE_HIDPI_IMAGES = YES;
				DEVELOPMENT_TEAM = 372ZUL2ZB7;
				GCC_WARN_PEDANTIC = NO;
				GCC_WARN_UNUSED_PARAMETER = NO;
				INFOPLIST_FILE = BugsnagNetworkRequestPluginTests/Info.plist;
				LD_RUNPATH_SEARCH_PATHS = (
					"$(inherited)",
					"@executable_path/../Frameworks",
					"@loader_path/../Frameworks",
				);
				PRODUCT_BUNDLE_IDENTIFIER = com.bugsnag.BugsnagNetworkRequestPluginTests;
				PRODUCT_NAME = "$(TARGET_NAME)";
				SDKROOT = macosx;
			};
			name = Release;
		};
		CB487AAF26D7B172004F6B87 /* Debug */ = {
			isa = XCBuildConfiguration;
			buildSettings = {
				CODE_SIGN_STYLE = Automatic;
				DEFINES_MODULE = YES;
				DEVELOPMENT_TEAM = 372ZUL2ZB7;
				DYLIB_COMPATIBILITY_VERSION = 1;
				DYLIB_CURRENT_VERSION = 1;
				DYLIB_INSTALL_NAME_BASE = "@rpath";
				INFOPLIST_FILE = BugsnagNetworkRequestPlugin/Info.plist;
				INSTALL_PATH = "$(LOCAL_LIBRARY_DIR)/Frameworks";
				LD_RUNPATH_SEARCH_PATHS = (
					"$(inherited)",
					"@executable_path/Frameworks",
					"@loader_path/Frameworks",
				);
				PRODUCT_BUNDLE_IDENTIFIER = com.bugsnag.BugsnagNetworkRequestPlugin;
				PRODUCT_NAME = BugsnagNetworkRequestPlugin;
				SDKROOT = appletvos;
				SKIP_INSTALL = YES;
				TARGETED_DEVICE_FAMILY = 3;
			};
			name = Debug;
		};
		CB487AB026D7B172004F6B87 /* Release */ = {
			isa = XCBuildConfiguration;
			buildSettings = {
				CODE_SIGN_STYLE = Automatic;
				DEFINES_MODULE = YES;
				DEVELOPMENT_TEAM = 372ZUL2ZB7;
				DYLIB_COMPATIBILITY_VERSION = 1;
				DYLIB_CURRENT_VERSION = 1;
				DYLIB_INSTALL_NAME_BASE = "@rpath";
				INFOPLIST_FILE = BugsnagNetworkRequestPlugin/Info.plist;
				INSTALL_PATH = "$(LOCAL_LIBRARY_DIR)/Frameworks";
				LD_RUNPATH_SEARCH_PATHS = (
					"$(inherited)",
					"@executable_path/Frameworks",
					"@loader_path/Frameworks",
				);
				PRODUCT_BUNDLE_IDENTIFIER = com.bugsnag.BugsnagNetworkRequestPlugin;
				PRODUCT_NAME = BugsnagNetworkRequestPlugin;
				SDKROOT = appletvos;
				SKIP_INSTALL = YES;
				TARGETED_DEVICE_FAMILY = 3;
			};
			name = Release;
		};
		CB487AB226D7B172004F6B87 /* Debug */ = {
			isa = XCBuildConfiguration;
			buildSettings = {
				CODE_SIGN_STYLE = Automatic;
				DEVELOPMENT_TEAM = 372ZUL2ZB7;
				GCC_WARN_PEDANTIC = NO;
				GCC_WARN_UNUSED_PARAMETER = NO;
				INFOPLIST_FILE = BugsnagNetworkRequestPluginTests/Info.plist;
				LD_RUNPATH_SEARCH_PATHS = (
					"$(inherited)",
					"@executable_path/Frameworks",
					"@loader_path/Frameworks",
				);
				PRODUCT_BUNDLE_IDENTIFIER = com.bugsnag.BugsnagNetworkRequestPluginTests;
				PRODUCT_NAME = "$(TARGET_NAME)";
				SDKROOT = appletvos;
				TARGETED_DEVICE_FAMILY = 3;
			};
			name = Debug;
		};
		CB487AB326D7B172004F6B87 /* Release */ = {
			isa = XCBuildConfiguration;
			buildSettings = {
				CODE_SIGN_STYLE = Automatic;
				DEVELOPMENT_TEAM = 372ZUL2ZB7;
				GCC_WARN_PEDANTIC = NO;
				GCC_WARN_UNUSED_PARAMETER = NO;
				INFOPLIST_FILE = BugsnagNetworkRequestPluginTests/Info.plist;
				LD_RUNPATH_SEARCH_PATHS = (
					"$(inherited)",
					"@executable_path/Frameworks",
					"@loader_path/Frameworks",
				);
				PRODUCT_BUNDLE_IDENTIFIER = com.bugsnag.BugsnagNetworkRequestPluginTests;
				PRODUCT_NAME = "$(TARGET_NAME)";
				SDKROOT = appletvos;
				TARGETED_DEVICE_FAMILY = 3;
			};
			name = Release;
		};
/* End XCBuildConfiguration section */

/* Begin XCConfigurationList section */
		01DC33B92733FC9B005B2BDD /* Build configuration list for PBXNativeTarget "BugsnagNetworkRequestPluginTestHost-iOS" */ = {
			isa = XCConfigurationList;
			buildConfigurations = (
				01DC33B72733FC9B005B2BDD /* Debug */,
				01DC33B82733FC9B005B2BDD /* Release */,
			);
			defaultConfigurationIsVisible = 0;
			defaultConfigurationName = Release;
		};
		CB2430DF26F1DA8A00CB5EC4 /* Build configuration list for PBXNativeTarget "BugsnagNetworkRequestPluginStatic" */ = {
			isa = XCConfigurationList;
			buildConfigurations = (
				CB2430DD26F1DA8A00CB5EC4 /* Debug */,
				CB2430DE26F1DA8A00CB5EC4 /* Release */,
			);
			defaultConfigurationIsVisible = 0;
			defaultConfigurationName = Release;
		};
		CB3B7F9F2832709000CAD67A /* Build configuration list for PBXNativeTarget "BugsnagNetworkRequestPlugin-watchOS" */ = {
			isa = XCConfigurationList;
			buildConfigurations = (
				CB3B7F9B2832709000CAD67A /* Debug */,
				CB3B7F9C2832709000CAD67A /* Release */,
			);
			defaultConfigurationIsVisible = 0;
			defaultConfigurationName = Release;
		};
		CB3B7FA02832709000CAD67A /* Build configuration list for PBXNativeTarget "BugsnagNetworkRequestPlugin-watchOSTests" */ = {
			isa = XCConfigurationList;
			buildConfigurations = (
				CB3B7F9D2832709000CAD67A /* Debug */,
				CB3B7F9E2832709000CAD67A /* Release */,
			);
			defaultConfigurationIsVisible = 0;
			defaultConfigurationName = Release;
		};
		CB487A5326D7B109004F6B87 /* Build configuration list for PBXProject "BugsnagNetworkRequestPlugin" */ = {
			isa = XCConfigurationList;
			buildConfigurations = (
				CB487A6B26D7B109004F6B87 /* Debug */,
				CB487A6C26D7B109004F6B87 /* Release */,
			);
			defaultConfigurationIsVisible = 0;
			defaultConfigurationName = Release;
		};
		CB487A6D26D7B109004F6B87 /* Build configuration list for PBXNativeTarget "BugsnagNetworkRequestPlugin-iOS" */ = {
			isa = XCConfigurationList;
			buildConfigurations = (
				CB487A6E26D7B109004F6B87 /* Debug */,
				CB487A6F26D7B109004F6B87 /* Release */,
			);
			defaultConfigurationIsVisible = 0;
			defaultConfigurationName = Release;
		};
		CB487A7026D7B109004F6B87 /* Build configuration list for PBXNativeTarget "BugsnagNetworkRequestPlugin-iOSTests" */ = {
			isa = XCConfigurationList;
			buildConfigurations = (
				CB487A7126D7B109004F6B87 /* Debug */,
				CB487A7226D7B109004F6B87 /* Release */,
			);
			defaultConfigurationIsVisible = 0;
			defaultConfigurationName = Release;
		};
		CB487A8E26D7B144004F6B87 /* Build configuration list for PBXNativeTarget "BugsnagNetworkRequestPlugin-macOS" */ = {
			isa = XCConfigurationList;
			buildConfigurations = (
				CB487A8F26D7B144004F6B87 /* Debug */,
				CB487A9026D7B144004F6B87 /* Release */,
			);
			defaultConfigurationIsVisible = 0;
			defaultConfigurationName = Release;
		};
		CB487A9126D7B144004F6B87 /* Build configuration list for PBXNativeTarget "BugsnagNetworkRequestPlugin-macOSTests" */ = {
			isa = XCConfigurationList;
			buildConfigurations = (
				CB487A9226D7B144004F6B87 /* Debug */,
				CB487A9326D7B144004F6B87 /* Release */,
			);
			defaultConfigurationIsVisible = 0;
			defaultConfigurationName = Release;
		};
		CB487AAE26D7B172004F6B87 /* Build configuration list for PBXNativeTarget "BugsnagNetworkRequestPlugin-tvOS" */ = {
			isa = XCConfigurationList;
			buildConfigurations = (
				CB487AAF26D7B172004F6B87 /* Debug */,
				CB487AB026D7B172004F6B87 /* Release */,
			);
			defaultConfigurationIsVisible = 0;
			defaultConfigurationName = Release;
		};
		CB487AB126D7B172004F6B87 /* Build configuration list for PBXNativeTarget "BugsnagNetworkRequestPlugin-tvOSTests" */ = {
			isa = XCConfigurationList;
			buildConfigurations = (
				CB487AB226D7B172004F6B87 /* Debug */,
				CB487AB326D7B172004F6B87 /* Release */,
			);
			defaultConfigurationIsVisible = 0;
			defaultConfigurationName = Release;
		};
/* End XCConfigurationList section */
	};
	rootObject = CB487A5026D7B109004F6B87 /* Project object */;
}
